// !$*UTF8*$!
{
	archiveVersion = 1;
	classes = {
	};
	objectVersion = 46;
	objects = {

/* Begin PBXAggregateTarget section */
		9A9CAD4A727AB41A19C44367 /* 4086 - All */ = {
			isa = PBXAggregateTarget;
			buildConfigurationList = 3377FDB8C169DE9EDADD6AC3 /* Build configuration list for PBXAggregateTarget "4086 - All" */;
			buildPhases = (
			);
			dependencies = (
				8B546B0859375F312B11DC9B /* PBXTargetDependency */,
				6F321AF45E1FC18AA8E486BA /* PBXTargetDependency */,
				DF31886B693B374B0164C007 /* PBXTargetDependency */,
				589D9EDC1B444609DE4FAA69 /* PBXTargetDependency */,
			);
			name = "4086 - All";
			productName = 4086;
		};
/* End PBXAggregateTarget section */

/* Begin PBXBuildFile section */
		0C2FBDB0649A6D1B8F094466 /* include_juce_gui_extra.mm in Sources */ = {isa = PBXBuildFile; fileRef = C7FF29E8EF3E1153CFC0ECCF /* include_juce_gui_extra.mm */; };
		10B17D6D068F0481626D4E1F /* include_foleys_gui_magic.cpp in Sources */ = {isa = PBXBuildFile; fileRef = 310A951F3943EFD9DB443068 /* include_foleys_gui_magic.cpp */; };
		1683B2ABDE6B0E5675F756E2 /* CoreAudioKit.framework in Frameworks */ = {isa = PBXBuildFile; fileRef = 4B49BC56BD8B73E00A5A4182 /* CoreAudioKit.framework */; };
		1FFBBF9A06FBED038AE97FA7 /* include_juce_audio_plugin_client_AU_2.mm in Sources */ = {isa = PBXBuildFile; fileRef = 03A92E83984E4A2A21372638 /* include_juce_audio_plugin_client_AU_2.mm */; };
		20CC201DE3BEBF1FEE470D8D /* RecentFilesMenuTemplate.nib in Resources */ = {isa = PBXBuildFile; fileRef = 10B8514E0CB2614FF0760D87 /* RecentFilesMenuTemplate.nib */; };
		25D32AD49D219C6B6CFB663A /* include_juce_dsp.mm in Sources */ = {isa = PBXBuildFile; fileRef = 37E011EAA95A797B449EA8F3 /* include_juce_dsp.mm */; };
		3009A760FDD32B4C3CE498B8 /* include_juce_audio_basics.mm in Sources */ = {isa = PBXBuildFile; fileRef = 766DB4815637C6D57D4CFBB9 /* include_juce_audio_basics.mm */; };
		3301A972FB9917844E867088 /* include_juce_data_structures.mm in Sources */ = {isa = PBXBuildFile; fileRef = FAB678DB880406C5EF665734 /* include_juce_data_structures.mm */; };
		352E53C4285510CB00523B67 /* RecentFilesMenuTemplate.nib in Resources */ = {isa = PBXBuildFile; fileRef = 10B8514E0CB2614FF0760D87 /* RecentFilesMenuTemplate.nib */; };
		352E53C5285510CB00523B67 /* Accelerate.framework in Frameworks */ = {isa = PBXBuildFile; fileRef = 2C516A95DB4F79B37B72E794 /* Accelerate.framework */; };
		352E53C6285510CB00523B67 /* AudioToolbox.framework in Frameworks */ = {isa = PBXBuildFile; fileRef = 34699653B2E7553C314542C9 /* AudioToolbox.framework */; };
		352E53C7285510CB00523B67 /* Carbon.framework in Frameworks */ = {isa = PBXBuildFile; fileRef = A46463D3D580261139E2D559 /* Carbon.framework */; };
		352E53C8285510CB00523B67 /* Cocoa.framework in Frameworks */ = {isa = PBXBuildFile; fileRef = AB740AD0CE3D18AE763BC054 /* Cocoa.framework */; };
		352E53C9285510CB00523B67 /* CoreAudio.framework in Frameworks */ = {isa = PBXBuildFile; fileRef = 75A15E9FFDF7546062AE8311 /* CoreAudio.framework */; };
		352E53CA285510CB00523B67 /* CoreAudioKit.framework in Frameworks */ = {isa = PBXBuildFile; fileRef = 4B49BC56BD8B73E00A5A4182 /* CoreAudioKit.framework */; };
		352E53CB285510CB00523B67 /* CoreMIDI.framework in Frameworks */ = {isa = PBXBuildFile; fileRef = BF3E3DBB00F69EFA678A2483 /* CoreMIDI.framework */; };
		352E53CC285510CB00523B67 /* DiscRecording.framework in Frameworks */ = {isa = PBXBuildFile; fileRef = 18C83A31A81E0EF555612C5D /* DiscRecording.framework */; };
		352E53CD285510CB00523B67 /* Foundation.framework in Frameworks */ = {isa = PBXBuildFile; fileRef = 914F5D3379304CAA3F6BC70E /* Foundation.framework */; };
		352E53CE285510CB00523B67 /* IOKit.framework in Frameworks */ = {isa = PBXBuildFile; fileRef = 66A994C79C95A3C0646B6B75 /* IOKit.framework */; };
		352E53CF285510CB00523B67 /* QuartzCore.framework in Frameworks */ = {isa = PBXBuildFile; fileRef = AD35DD35C8CB4B6CE0B523B5 /* QuartzCore.framework */; };
		352E53D0285510CB00523B67 /* WebKit.framework in Frameworks */ = {isa = PBXBuildFile; fileRef = 093A79BD276CF489E617724D /* WebKit.framework */; };
		352E53D1285510CB00523B67 /* RecentFilesMenuTemplate.nib in Resources */ = {isa = PBXBuildFile; fileRef = 10B8514E0CB2614FF0760D87 /* RecentFilesMenuTemplate.nib */; };
		352E53D2285510CB00523B67 /* Accelerate.framework in Frameworks */ = {isa = PBXBuildFile; fileRef = 2C516A95DB4F79B37B72E794 /* Accelerate.framework */; };
		352E53D3285510CB00523B67 /* AudioToolbox.framework in Frameworks */ = {isa = PBXBuildFile; fileRef = 34699653B2E7553C314542C9 /* AudioToolbox.framework */; };
		352E53D4285510CB00523B67 /* Carbon.framework in Frameworks */ = {isa = PBXBuildFile; fileRef = A46463D3D580261139E2D559 /* Carbon.framework */; };
		352E53D5285510CB00523B67 /* Cocoa.framework in Frameworks */ = {isa = PBXBuildFile; fileRef = AB740AD0CE3D18AE763BC054 /* Cocoa.framework */; };
		352E53D6285510CB00523B67 /* CoreAudio.framework in Frameworks */ = {isa = PBXBuildFile; fileRef = 75A15E9FFDF7546062AE8311 /* CoreAudio.framework */; };
		352E53D7285510CB00523B67 /* CoreAudioKit.framework in Frameworks */ = {isa = PBXBuildFile; fileRef = 4B49BC56BD8B73E00A5A4182 /* CoreAudioKit.framework */; };
		352E53D8285510CB00523B67 /* CoreMIDI.framework in Frameworks */ = {isa = PBXBuildFile; fileRef = BF3E3DBB00F69EFA678A2483 /* CoreMIDI.framework */; };
		352E53D9285510CB00523B67 /* DiscRecording.framework in Frameworks */ = {isa = PBXBuildFile; fileRef = 18C83A31A81E0EF555612C5D /* DiscRecording.framework */; };
		352E53DA285510CB00523B67 /* Foundation.framework in Frameworks */ = {isa = PBXBuildFile; fileRef = 914F5D3379304CAA3F6BC70E /* Foundation.framework */; };
		352E53DB285510CB00523B67 /* IOKit.framework in Frameworks */ = {isa = PBXBuildFile; fileRef = 66A994C79C95A3C0646B6B75 /* IOKit.framework */; };
		352E53DC285510CB00523B67 /* QuartzCore.framework in Frameworks */ = {isa = PBXBuildFile; fileRef = AD35DD35C8CB4B6CE0B523B5 /* QuartzCore.framework */; };
		352E53DD285510CB00523B67 /* WebKit.framework in Frameworks */ = {isa = PBXBuildFile; fileRef = 093A79BD276CF489E617724D /* WebKit.framework */; };
		3789C2EB9518AA1ACB85AA7E /* include_juce_audio_plugin_client_utils.cpp in Sources */ = {isa = PBXBuildFile; fileRef = 92AC74532BA2EC0E0CEDBDCE /* include_juce_audio_plugin_client_utils.cpp */; };
		4976AA08B32B4290468B57D7 /* include_juce_audio_utils.mm in Sources */ = {isa = PBXBuildFile; fileRef = F3C827847835708E38629604 /* include_juce_audio_utils.mm */; };
		562FEFB8EBE8A61FF1FD74EC /* Carbon.framework in Frameworks */ = {isa = PBXBuildFile; fileRef = A46463D3D580261139E2D559 /* Carbon.framework */; };
		56D17A816F6F65AFC8127D16 /* Foundation.framework in Frameworks */ = {isa = PBXBuildFile; fileRef = 914F5D3379304CAA3F6BC70E /* Foundation.framework */; };
		59CBE8BBED2EBDB8282ED24E /* AudioToolbox.framework in Frameworks */ = {isa = PBXBuildFile; fileRef = 34699653B2E7553C314542C9 /* AudioToolbox.framework */; };
		60C46B6E6CD2AD66BFA75843 /* CoreAudio.framework in Frameworks */ = {isa = PBXBuildFile; fileRef = 75A15E9FFDF7546062AE8311 /* CoreAudio.framework */; };
		63FE61E0A565DAE5EEF42DFC /* include_juce_osc.cpp in Sources */ = {isa = PBXBuildFile; fileRef = F49E880587BCBD8F44FD32C4 /* include_juce_osc.cpp */; };
		724249DFEF2868EAB138EAB3 /* include_juce_audio_plugin_client_VST3.cpp in Sources */ = {isa = PBXBuildFile; fileRef = D6CDF6617042DADB53F105E2 /* include_juce_audio_plugin_client_VST3.cpp */; };
		7F6EB8FE801B858593328FC8 /* include_juce_audio_plugin_client_AU.r in Rez */ = {isa = PBXBuildFile; fileRef = 70654F44D7809A8301C816F0 /* include_juce_audio_plugin_client_AU.r */; };
		82853E5B56A51BCFBFC0D759 /* IOKit.framework in Frameworks */ = {isa = PBXBuildFile; fileRef = 66A994C79C95A3C0646B6B75 /* IOKit.framework */; };
		86A66687EA5A1B590ED1A78D /* include_juce_core.mm in Sources */ = {isa = PBXBuildFile; fileRef = 5107930898380383A4A8B79D /* include_juce_core.mm */; };
		8B897044498486D53914932F /* include_juce_events.mm in Sources */ = {isa = PBXBuildFile; fileRef = 226A2CB6A40804C99DBBEA9D /* include_juce_events.mm */; };
		8BE04F9ECC8367771E05B506 /* PluginProcessor.cpp in Sources */ = {isa = PBXBuildFile; fileRef = 68CEF5B731AA16F90D243C51 /* PluginProcessor.cpp */; };
		957E4E6A545A1866B4AEB102 /* include_juce_audio_plugin_client_VST_utils.mm in Sources */ = {isa = PBXBuildFile; fileRef = 34B15624F355BB19EE620AA0 /* include_juce_audio_plugin_client_VST_utils.mm */; };
		976F405B5935546055961F8D /* include_juce_graphics.mm in Sources */ = {isa = PBXBuildFile; fileRef = F533084DA8A91A2416EF3943 /* include_juce_graphics.mm */; };
		9E5C3AEAF0711848A6B820A0 /* AudioUnit.framework in Frameworks */ = {isa = PBXBuildFile; fileRef = 72B4C1C5FAF45704E906573B /* AudioUnit.framework */; };
		A71FFCB9E1B572E0A5F0D650 /* QuartzCore.framework in Frameworks */ = {isa = PBXBuildFile; fileRef = AD35DD35C8CB4B6CE0B523B5 /* QuartzCore.framework */; };
		A97C6AB8045A69643CADDF68 /* comp.cpp in Sources */ = {isa = PBXBuildFile; fileRef = CABFC2A4DDF26D4862F69D0C /* comp.cpp */; };
		AACA6C7616BC01BEF25C184F /* CoreMIDI.framework in Frameworks */ = {isa = PBXBuildFile; fileRef = BF3E3DBB00F69EFA678A2483 /* CoreMIDI.framework */; };
		B52360C63D90CE82D512023F /* Accelerate.framework in Frameworks */ = {isa = PBXBuildFile; fileRef = 2C516A95DB4F79B37B72E794 /* Accelerate.framework */; };
		B6D367454B5364A7053798FD /* include_juce_cryptography.mm in Sources */ = {isa = PBXBuildFile; fileRef = 568A03484173D3BA7061D335 /* include_juce_cryptography.mm */; };
		C2C7A8BF4BBF0592D775E60F /* Cocoa.framework in Frameworks */ = {isa = PBXBuildFile; fileRef = AB740AD0CE3D18AE763BC054 /* Cocoa.framework */; };
		C6E53F82831DE9FEF97C4287 /* BinaryData.cpp in Sources */ = {isa = PBXBuildFile; fileRef = EC632C95C6023B852E17CA94 /* BinaryData.cpp */; };
		C8E20B6E39D3316259EE175F /* include_juce_audio_plugin_client_Standalone.cpp in Sources */ = {isa = PBXBuildFile; fileRef = 9B1C596B8A05AC176BB61E1C /* include_juce_audio_plugin_client_Standalone.cpp */; };
		D07F33E09BB22EB9DBC14C8E /* DiscRecording.framework in Frameworks */ = {isa = PBXBuildFile; fileRef = 18C83A31A81E0EF555612C5D /* DiscRecording.framework */; };
		D1E1C46EF1A21D7D0472C0C4 /* include_juce_audio_processors.mm in Sources */ = {isa = PBXBuildFile; fileRef = 244E44B42C8922C88B0C9AE2 /* include_juce_audio_processors.mm */; };
		D2BA037979A2CCD79B76C983 /* include_juce_gui_basics.mm in Sources */ = {isa = PBXBuildFile; fileRef = 5E2410A158E26133AA8630AA /* include_juce_gui_basics.mm */; };
		D4CC6CC7D547D7F02BB15F2B /* include_juce_audio_formats.mm in Sources */ = {isa = PBXBuildFile; fileRef = B180FB0B7D8F92A9332D0F42 /* include_juce_audio_formats.mm */; };
		DD1C5DF9FC3DFE07936FBDDB /* include_juce_audio_devices.mm in Sources */ = {isa = PBXBuildFile; fileRef = 3CE45B21E4A0A38FBE6D1A84 /* include_juce_audio_devices.mm */; };
		E2B7566D9BF33354B9310D3B /* WebKit.framework in Frameworks */ = {isa = PBXBuildFile; fileRef = 093A79BD276CF489E617724D /* WebKit.framework */; };
		E9064DC1586D8AD40663CA6C /* PluginEditor.cpp in Sources */ = {isa = PBXBuildFile; fileRef = 60FDD04D08AB16B434D267E5 /* PluginEditor.cpp */; };
		F794209714A920C805F3DF21 /* include_juce_audio_plugin_client_AU_1.mm in Sources */ = {isa = PBXBuildFile; fileRef = B26899C6F234A969170D3782 /* include_juce_audio_plugin_client_AU_1.mm */; };
/* End PBXBuildFile section */

/* Begin PBXContainerItemProxy section */
		352E53DE285510CB00523B67 /* PBXContainerItemProxy */ = {
			isa = PBXContainerItemProxy;
			containerPortal = 9AE5DBF3F2A7395800AB4D15 /* Project object */;
			proxyType = 1;
			remoteGlobalIDString = 0F6A078E278916D070B3D847;
			remoteInfo = "4086 - Shared Code";
		};
		352E53DF285510CB00523B67 /* PBXContainerItemProxy */ = {
			isa = PBXContainerItemProxy;
			containerPortal = 9AE5DBF3F2A7395800AB4D15 /* Project object */;
			proxyType = 1;
			remoteGlobalIDString = 0F6A078E278916D070B3D847;
			remoteInfo = "4086 - Shared Code";
		};
		352E53E0285510CB00523B67 /* PBXContainerItemProxy */ = {
			isa = PBXContainerItemProxy;
			containerPortal = 9AE5DBF3F2A7395800AB4D15 /* Project object */;
			proxyType = 1;
			remoteGlobalIDString = 0F6A078E278916D070B3D847;
			remoteInfo = "4086 - Shared Code";
		};
		352E53E1285510CC00523B67 /* PBXContainerItemProxy */ = {
			isa = PBXContainerItemProxy;
			containerPortal = 9AE5DBF3F2A7395800AB4D15 /* Project object */;
			proxyType = 1;
			remoteGlobalIDString = AD5C0C2F4423028F5D5B1AA1;
			remoteInfo = "4086 - VST3";
		};
		352E53E2285510CC00523B67 /* PBXContainerItemProxy */ = {
			isa = PBXContainerItemProxy;
			containerPortal = 9AE5DBF3F2A7395800AB4D15 /* Project object */;
			proxyType = 1;
			remoteGlobalIDString = CEC878C1499F9ACD05AE286A;
			remoteInfo = "4086 - AU";
		};
		352E53E3285510CC00523B67 /* PBXContainerItemProxy */ = {
			isa = PBXContainerItemProxy;
			containerPortal = 9AE5DBF3F2A7395800AB4D15 /* Project object */;
			proxyType = 1;
			remoteGlobalIDString = 0FA9934F6494602C6A83C3A9;
			remoteInfo = "4086 - Standalone Plugin";
		};
		352E53E4285510CC00523B67 /* PBXContainerItemProxy */ = {
			isa = PBXContainerItemProxy;
			containerPortal = 9AE5DBF3F2A7395800AB4D15 /* Project object */;
			proxyType = 1;
			remoteGlobalIDString = 0F6A078E278916D070B3D847;
			remoteInfo = "4086 - Shared Code";
		};
/* End PBXContainerItemProxy section */

/* Begin PBXFileReference section */
		03A92E83984E4A2A21372638 /* include_juce_audio_plugin_client_AU_2.mm */ = {isa = PBXFileReference; lastKnownFileType = sourcecode.cpp.objcpp; name = include_juce_audio_plugin_client_AU_2.mm; path = ../../JuceLibraryCode/include_juce_audio_plugin_client_AU_2.mm; sourceTree = SOURCE_ROOT; };
		07D32701404179125C9E4490 /* juce_dsp */ = {isa = PBXFileReference; lastKnownFileType = folder; name = juce_dsp; path = /Applications/JUCE/modules/juce_dsp; sourceTree = "<absolute>"; };
		093A79BD276CF489E617724D /* WebKit.framework */ = {isa = PBXFileReference; lastKnownFileType = wrapper.framework; name = WebKit.framework; path = System/Library/Frameworks/WebKit.framework; sourceTree = SDKROOT; };
		1017D2DF47CEB31D24330BA0 /* juce_graphics */ = {isa = PBXFileReference; lastKnownFileType = folder; name = juce_graphics; path = /Applications/JUCE/modules/juce_graphics; sourceTree = "<absolute>"; };
		10563974307585CF2130441F /* juce_osc */ = {isa = PBXFileReference; lastKnownFileType = folder; name = juce_osc; path = /Applications/JUCE/modules/juce_osc; sourceTree = "<absolute>"; };
		10B8514E0CB2614FF0760D87 /* RecentFilesMenuTemplate.nib */ = {isa = PBXFileReference; lastKnownFileType = file.nib; path = RecentFilesMenuTemplate.nib; sourceTree = SOURCE_ROOT; };
		123A9059B759A059DE599510 /* juce_audio_basics */ = {isa = PBXFileReference; lastKnownFileType = folder; name = juce_audio_basics; path = /Applications/JUCE/modules/juce_audio_basics; sourceTree = "<absolute>"; };
		12A4A44CFFEFBD2C011A986B /* juce_audio_devices */ = {isa = PBXFileReference; lastKnownFileType = folder; name = juce_audio_devices; path = /Applications/JUCE/modules/juce_audio_devices; sourceTree = "<absolute>"; };
		1623866944E4F144AE775464 /* 4086.component */ = {isa = PBXFileReference; explicitFileType = wrapper.cfbundle; includeInIndex = 0; path = 4086.component; sourceTree = BUILT_PRODUCTS_DIR; };
		164D768EC91C9FE933037811 /* 4086.app */ = {isa = PBXFileReference; explicitFileType = wrapper.application; includeInIndex = 0; path = 4086.app; sourceTree = BUILT_PRODUCTS_DIR; };
		18C83A31A81E0EF555612C5D /* DiscRecording.framework */ = {isa = PBXFileReference; lastKnownFileType = wrapper.framework; name = DiscRecording.framework; path = System/Library/Frameworks/DiscRecording.framework; sourceTree = SDKROOT; };
		226A2CB6A40804C99DBBEA9D /* include_juce_events.mm */ = {isa = PBXFileReference; lastKnownFileType = sourcecode.cpp.objcpp; name = include_juce_events.mm; path = ../../JuceLibraryCode/include_juce_events.mm; sourceTree = SOURCE_ROOT; };
		244E44B42C8922C88B0C9AE2 /* include_juce_audio_processors.mm */ = {isa = PBXFileReference; lastKnownFileType = sourcecode.cpp.objcpp; name = include_juce_audio_processors.mm; path = ../../JuceLibraryCode/include_juce_audio_processors.mm; sourceTree = SOURCE_ROOT; };
		2C516A95DB4F79B37B72E794 /* Accelerate.framework */ = {isa = PBXFileReference; lastKnownFileType = wrapper.framework; name = Accelerate.framework; path = System/Library/Frameworks/Accelerate.framework; sourceTree = SDKROOT; };
		310A951F3943EFD9DB443068 /* include_foleys_gui_magic.cpp */ = {isa = PBXFileReference; lastKnownFileType = sourcecode.cpp.cpp; name = include_foleys_gui_magic.cpp; path = ../../JuceLibraryCode/include_foleys_gui_magic.cpp; sourceTree = SOURCE_ROOT; };
		34699653B2E7553C314542C9 /* AudioToolbox.framework */ = {isa = PBXFileReference; lastKnownFileType = wrapper.framework; name = AudioToolbox.framework; path = System/Library/Frameworks/AudioToolbox.framework; sourceTree = SDKROOT; };
		34B15624F355BB19EE620AA0 /* include_juce_audio_plugin_client_VST_utils.mm */ = {isa = PBXFileReference; lastKnownFileType = sourcecode.cpp.objcpp; name = include_juce_audio_plugin_client_VST_utils.mm; path = ../../JuceLibraryCode/include_juce_audio_plugin_client_VST_utils.mm; sourceTree = SOURCE_ROOT; };
		37E011EAA95A797B449EA8F3 /* include_juce_dsp.mm */ = {isa = PBXFileReference; lastKnownFileType = sourcecode.cpp.objcpp; name = include_juce_dsp.mm; path = ../../JuceLibraryCode/include_juce_dsp.mm; sourceTree = SOURCE_ROOT; };
		3CE45B21E4A0A38FBE6D1A84 /* include_juce_audio_devices.mm */ = {isa = PBXFileReference; lastKnownFileType = sourcecode.cpp.objcpp; name = include_juce_audio_devices.mm; path = ../../JuceLibraryCode/include_juce_audio_devices.mm; sourceTree = SOURCE_ROOT; };
		48F2C972609331CF3A1714B6 /* juce_gui_basics */ = {isa = PBXFileReference; lastKnownFileType = folder; name = juce_gui_basics; path = /Applications/JUCE/modules/juce_gui_basics; sourceTree = "<absolute>"; };
		4B49BC56BD8B73E00A5A4182 /* CoreAudioKit.framework */ = {isa = PBXFileReference; lastKnownFileType = wrapper.framework; name = CoreAudioKit.framework; path = System/Library/Frameworks/CoreAudioKit.framework; sourceTree = SDKROOT; };
		4FF8D7C737F268AD7AE0036F /* juce_events */ = {isa = PBXFileReference; lastKnownFileType = folder; name = juce_events; path = /Applications/JUCE/modules/juce_events; sourceTree = "<absolute>"; };
		5107930898380383A4A8B79D /* include_juce_core.mm */ = {isa = PBXFileReference; lastKnownFileType = sourcecode.cpp.objcpp; name = include_juce_core.mm; path = ../../JuceLibraryCode/include_juce_core.mm; sourceTree = SOURCE_ROOT; };
		549CC04122B11457158C25EC /* BinaryData.h */ = {isa = PBXFileReference; lastKnownFileType = sourcecode.c.h; name = BinaryData.h; path = ../../JuceLibraryCode/BinaryData.h; sourceTree = SOURCE_ROOT; };
		55ED0F7E6BC73BB5951F7EEB /* lib4086.a */ = {isa = PBXFileReference; explicitFileType = archive.ar; includeInIndex = 0; path = lib4086.a; sourceTree = BUILT_PRODUCTS_DIR; };
		568A03484173D3BA7061D335 /* include_juce_cryptography.mm */ = {isa = PBXFileReference; lastKnownFileType = sourcecode.cpp.objcpp; name = include_juce_cryptography.mm; path = ../../JuceLibraryCode/include_juce_cryptography.mm; sourceTree = SOURCE_ROOT; };
		57678993CE78A68A14498668 /* JuceHeader.h */ = {isa = PBXFileReference; lastKnownFileType = sourcecode.c.h; name = JuceHeader.h; path = ../../JuceLibraryCode/JuceHeader.h; sourceTree = SOURCE_ROOT; };
		593CDD886C4AF2F4A3AF35AC /* fx-2.png */ = {isa = PBXFileReference; lastKnownFileType = image.png; name = "fx-2.png"; path = "../../../../Downloads/fx-2.png"; sourceTree = SOURCE_ROOT; };
		5A806C564A318371DD530488 /* comp.h */ = {isa = PBXFileReference; lastKnownFileType = sourcecode.c.h; name = comp.h; path = ../../Source/comp.h; sourceTree = SOURCE_ROOT; };
		5C78DDD2023FECC80A1D7F46 /* juce_audio_utils */ = {isa = PBXFileReference; lastKnownFileType = folder; name = juce_audio_utils; path = /Applications/JUCE/modules/juce_audio_utils; sourceTree = "<absolute>"; };
		5E2410A158E26133AA8630AA /* include_juce_gui_basics.mm */ = {isa = PBXFileReference; lastKnownFileType = sourcecode.cpp.objcpp; name = include_juce_gui_basics.mm; path = ../../JuceLibraryCode/include_juce_gui_basics.mm; sourceTree = SOURCE_ROOT; };
		60FDD04D08AB16B434D267E5 /* PluginEditor.cpp */ = {isa = PBXFileReference; lastKnownFileType = sourcecode.cpp.cpp; name = PluginEditor.cpp; path = ../../Source/PluginEditor.cpp; sourceTree = SOURCE_ROOT; };
		66A994C79C95A3C0646B6B75 /* IOKit.framework */ = {isa = PBXFileReference; lastKnownFileType = wrapper.framework; name = IOKit.framework; path = System/Library/Frameworks/IOKit.framework; sourceTree = SDKROOT; };
		678102B6B82A62B25EC4982D /* 4086.vst3 */ = {isa = PBXFileReference; explicitFileType = wrapper.cfbundle; includeInIndex = 0; path = 4086.vst3; sourceTree = BUILT_PRODUCTS_DIR; };
		68CEF5B731AA16F90D243C51 /* PluginProcessor.cpp */ = {isa = PBXFileReference; lastKnownFileType = sourcecode.cpp.cpp; name = PluginProcessor.cpp; path = ../../Source/PluginProcessor.cpp; sourceTree = SOURCE_ROOT; };
		6D87AEC2A8C2AAFB9F9871C2 /* juce_cryptography */ = {isa = PBXFileReference; lastKnownFileType = folder; name = juce_cryptography; path = /Applications/JUCE/modules/juce_cryptography; sourceTree = "<absolute>"; };
		70654F44D7809A8301C816F0 /* include_juce_audio_plugin_client_AU.r */ = {isa = PBXFileReference; lastKnownFileType = file.r; name = include_juce_audio_plugin_client_AU.r; path = ../../JuceLibraryCode/include_juce_audio_plugin_client_AU.r; sourceTree = SOURCE_ROOT; };
		70698F3F9D237D3E00CEF19D /* juce_data_structures */ = {isa = PBXFileReference; lastKnownFileType = folder; name = juce_data_structures; path = /Applications/JUCE/modules/juce_data_structures; sourceTree = "<absolute>"; };
		72B4C1C5FAF45704E906573B /* AudioUnit.framework */ = {isa = PBXFileReference; lastKnownFileType = wrapper.framework; name = AudioUnit.framework; path = System/Library/Frameworks/AudioUnit.framework; sourceTree = SDKROOT; };
		75A15E9FFDF7546062AE8311 /* CoreAudio.framework */ = {isa = PBXFileReference; lastKnownFileType = wrapper.framework; name = CoreAudio.framework; path = System/Library/Frameworks/CoreAudio.framework; sourceTree = SDKROOT; };
		766DB4815637C6D57D4CFBB9 /* include_juce_audio_basics.mm */ = {isa = PBXFileReference; lastKnownFileType = sourcecode.cpp.objcpp; name = include_juce_audio_basics.mm; path = ../../JuceLibraryCode/include_juce_audio_basics.mm; sourceTree = SOURCE_ROOT; };
		76DA75181CF8F1DE2004511C /* JucePluginDefines.h */ = {isa = PBXFileReference; lastKnownFileType = sourcecode.c.h; name = JucePluginDefines.h; path = ../../JuceLibraryCode/JucePluginDefines.h; sourceTree = SOURCE_ROOT; };
		8BD3654EF0F11B7CC0F8EF46 /* PluginProcessor.h */ = {isa = PBXFileReference; lastKnownFileType = sourcecode.c.h; name = PluginProcessor.h; path = ../../Source/PluginProcessor.h; sourceTree = SOURCE_ROOT; };
		914F5D3379304CAA3F6BC70E /* Foundation.framework */ = {isa = PBXFileReference; lastKnownFileType = wrapper.framework; name = Foundation.framework; path = System/Library/Frameworks/Foundation.framework; sourceTree = SDKROOT; };
		92AC74532BA2EC0E0CEDBDCE /* include_juce_audio_plugin_client_utils.cpp */ = {isa = PBXFileReference; lastKnownFileType = sourcecode.cpp.cpp; name = include_juce_audio_plugin_client_utils.cpp; path = ../../JuceLibraryCode/include_juce_audio_plugin_client_utils.cpp; sourceTree = SOURCE_ROOT; };
		9B1C596B8A05AC176BB61E1C /* include_juce_audio_plugin_client_Standalone.cpp */ = {isa = PBXFileReference; lastKnownFileType = sourcecode.cpp.cpp; name = include_juce_audio_plugin_client_Standalone.cpp; path = ../../JuceLibraryCode/include_juce_audio_plugin_client_Standalone.cpp; sourceTree = SOURCE_ROOT; };
		A46463D3D580261139E2D559 /* Carbon.framework */ = {isa = PBXFileReference; lastKnownFileType = wrapper.framework; name = Carbon.framework; path = System/Library/Frameworks/Carbon.framework; sourceTree = SDKROOT; };
		A7FDA4F0B0812D6054245418 /* juce_audio_formats */ = {isa = PBXFileReference; lastKnownFileType = folder; name = juce_audio_formats; path = /Applications/JUCE/modules/juce_audio_formats; sourceTree = "<absolute>"; };
		AAA0FCF39DCC40339F5FCA66 /* juce_gui_extra */ = {isa = PBXFileReference; lastKnownFileType = folder; name = juce_gui_extra; path = /Applications/JUCE/modules/juce_gui_extra; sourceTree = "<absolute>"; };
		AB740AD0CE3D18AE763BC054 /* Cocoa.framework */ = {isa = PBXFileReference; lastKnownFileType = wrapper.framework; name = Cocoa.framework; path = System/Library/Frameworks/Cocoa.framework; sourceTree = SDKROOT; };
		AC468D25F50CEDC074B80690 /* Info-VST3.plist */ = {isa = PBXFileReference; lastKnownFileType = text.plist.xml; path = "Info-VST3.plist"; sourceTree = SOURCE_ROOT; };
		AD35DD35C8CB4B6CE0B523B5 /* QuartzCore.framework */ = {isa = PBXFileReference; lastKnownFileType = wrapper.framework; name = QuartzCore.framework; path = System/Library/Frameworks/QuartzCore.framework; sourceTree = SDKROOT; };
		AD6CED732D83DE83F6F71124 /* juce_core */ = {isa = PBXFileReference; lastKnownFileType = folder; name = juce_core; path = /Applications/JUCE/modules/juce_core; sourceTree = "<absolute>"; };
		B14BFBF26C75382EC9148092 /* juce_audio_processors */ = {isa = PBXFileReference; lastKnownFileType = folder; name = juce_audio_processors; path = /Applications/JUCE/modules/juce_audio_processors; sourceTree = "<absolute>"; };
		B180FB0B7D8F92A9332D0F42 /* include_juce_audio_formats.mm */ = {isa = PBXFileReference; lastKnownFileType = sourcecode.cpp.objcpp; name = include_juce_audio_formats.mm; path = ../../JuceLibraryCode/include_juce_audio_formats.mm; sourceTree = SOURCE_ROOT; };
		B26899C6F234A969170D3782 /* include_juce_audio_plugin_client_AU_1.mm */ = {isa = PBXFileReference; lastKnownFileType = sourcecode.cpp.objcpp; name = include_juce_audio_plugin_client_AU_1.mm; path = ../../JuceLibraryCode/include_juce_audio_plugin_client_AU_1.mm; sourceTree = SOURCE_ROOT; };
		B61407604C960CFF03FE7F37 /* roland_SH_101_knob.png */ = {isa = PBXFileReference; lastKnownFileType = image.png; name = roland_SH_101_knob.png; path = ../../../../Downloads/roland_SH_101_knob.png; sourceTree = SOURCE_ROOT; };
		BF3E3DBB00F69EFA678A2483 /* CoreMIDI.framework */ = {isa = PBXFileReference; lastKnownFileType = wrapper.framework; name = CoreMIDI.framework; path = System/Library/Frameworks/CoreMIDI.framework; sourceTree = SDKROOT; };
		C60EEB91CCCB69898E031842 /* Info-AU.plist */ = {isa = PBXFileReference; lastKnownFileType = text.plist.xml; path = "Info-AU.plist"; sourceTree = SOURCE_ROOT; };
		C7FF29E8EF3E1153CFC0ECCF /* include_juce_gui_extra.mm */ = {isa = PBXFileReference; lastKnownFileType = sourcecode.cpp.objcpp; name = include_juce_gui_extra.mm; path = ../../JuceLibraryCode/include_juce_gui_extra.mm; sourceTree = SOURCE_ROOT; };
		C86FA5AA9113D4659ED80EA8 /* PluginEditor.h */ = {isa = PBXFileReference; lastKnownFileType = sourcecode.c.h; name = PluginEditor.h; path = ../../Source/PluginEditor.h; sourceTree = SOURCE_ROOT; };
		CABFC2A4DDF26D4862F69D0C /* comp.cpp */ = {isa = PBXFileReference; lastKnownFileType = sourcecode.cpp.cpp; name = comp.cpp; path = ../../Source/comp.cpp; sourceTree = SOURCE_ROOT; };
		D5FA3149D7869A4064AF6E13 /* foleys_gui_magic */ = {isa = PBXFileReference; lastKnownFileType = folder; name = foleys_gui_magic; path = ../../../GitHub/PluginGuiMagic/modules/foleys_gui_magic; sourceTree = SOURCE_ROOT; };
		D6CDF6617042DADB53F105E2 /* include_juce_audio_plugin_client_VST3.cpp */ = {isa = PBXFileReference; lastKnownFileType = sourcecode.cpp.cpp; name = include_juce_audio_plugin_client_VST3.cpp; path = ../../JuceLibraryCode/include_juce_audio_plugin_client_VST3.cpp; sourceTree = SOURCE_ROOT; };
		E2BAA242D6F0605219C9730B /* Info-Standalone_Plugin.plist */ = {isa = PBXFileReference; lastKnownFileType = text.plist.xml; path = "Info-Standalone_Plugin.plist"; sourceTree = SOURCE_ROOT; };
		E785AF34B01AF23848F7AF9E /* magic.xml */ = {isa = PBXFileReference; lastKnownFileType = file.xml; name = magic.xml; path = ../../Source/magic.xml; sourceTree = SOURCE_ROOT; };
		EC632C95C6023B852E17CA94 /* BinaryData.cpp */ = {isa = PBXFileReference; lastKnownFileType = sourcecode.cpp.cpp; name = BinaryData.cpp; path = ../../JuceLibraryCode/BinaryData.cpp; sourceTree = SOURCE_ROOT; };
		EC66F460B18EE652D6618377 /* juce_audio_plugin_client */ = {isa = PBXFileReference; lastKnownFileType = folder; name = juce_audio_plugin_client; path = /Applications/JUCE/modules/juce_audio_plugin_client; sourceTree = "<absolute>"; };
		F3C827847835708E38629604 /* include_juce_audio_utils.mm */ = {isa = PBXFileReference; lastKnownFileType = sourcecode.cpp.objcpp; name = include_juce_audio_utils.mm; path = ../../JuceLibraryCode/include_juce_audio_utils.mm; sourceTree = SOURCE_ROOT; };
		F49E880587BCBD8F44FD32C4 /* include_juce_osc.cpp */ = {isa = PBXFileReference; lastKnownFileType = sourcecode.cpp.cpp; name = include_juce_osc.cpp; path = ../../JuceLibraryCode/include_juce_osc.cpp; sourceTree = SOURCE_ROOT; };
		F533084DA8A91A2416EF3943 /* include_juce_graphics.mm */ = {isa = PBXFileReference; lastKnownFileType = sourcecode.cpp.objcpp; name = include_juce_graphics.mm; path = ../../JuceLibraryCode/include_juce_graphics.mm; sourceTree = SOURCE_ROOT; };
		FAB678DB880406C5EF665734 /* include_juce_data_structures.mm */ = {isa = PBXFileReference; lastKnownFileType = sourcecode.cpp.objcpp; name = include_juce_data_structures.mm; path = ../../JuceLibraryCode/include_juce_data_structures.mm; sourceTree = SOURCE_ROOT; };
/* End PBXFileReference section */

/* Begin PBXFrameworksBuildPhase section */
		2A8F56C1CD5C7B8E1887106F /* Frameworks */ = {
			isa = PBXFrameworksBuildPhase;
			buildActionMask = 2147483647;
			files = (
				352E53D2285510CB00523B67 /* Accelerate.framework in Frameworks */,
				352E53D3285510CB00523B67 /* AudioToolbox.framework in Frameworks */,
				352E53D4285510CB00523B67 /* Carbon.framework in Frameworks */,
				352E53D5285510CB00523B67 /* Cocoa.framework in Frameworks */,
				352E53D6285510CB00523B67 /* CoreAudio.framework in Frameworks */,
				352E53D7285510CB00523B67 /* CoreAudioKit.framework in Frameworks */,
				352E53D8285510CB00523B67 /* CoreMIDI.framework in Frameworks */,
				352E53D9285510CB00523B67 /* DiscRecording.framework in Frameworks */,
				352E53DA285510CB00523B67 /* Foundation.framework in Frameworks */,
				352E53DB285510CB00523B67 /* IOKit.framework in Frameworks */,
				352E53DC285510CB00523B67 /* QuartzCore.framework in Frameworks */,
				352E53DD285510CB00523B67 /* WebKit.framework in Frameworks */,
			);
			runOnlyForDeploymentPostprocessing = 0;
		};
		6966A67FD9C46DE0ADB1F8A2 /* Frameworks */ = {
			isa = PBXFrameworksBuildPhase;
			buildActionMask = 2147483647;
			files = (
				9E5C3AEAF0711848A6B820A0 /* AudioUnit.framework in Frameworks */,
				352E53C5285510CB00523B67 /* Accelerate.framework in Frameworks */,
				352E53C6285510CB00523B67 /* AudioToolbox.framework in Frameworks */,
				352E53C7285510CB00523B67 /* Carbon.framework in Frameworks */,
				352E53C8285510CB00523B67 /* Cocoa.framework in Frameworks */,
				352E53C9285510CB00523B67 /* CoreAudio.framework in Frameworks */,
				352E53CA285510CB00523B67 /* CoreAudioKit.framework in Frameworks */,
				352E53CB285510CB00523B67 /* CoreMIDI.framework in Frameworks */,
				352E53CC285510CB00523B67 /* DiscRecording.framework in Frameworks */,
				352E53CD285510CB00523B67 /* Foundation.framework in Frameworks */,
				352E53CE285510CB00523B67 /* IOKit.framework in Frameworks */,
				352E53CF285510CB00523B67 /* QuartzCore.framework in Frameworks */,
				352E53D0285510CB00523B67 /* WebKit.framework in Frameworks */,
			);
			runOnlyForDeploymentPostprocessing = 0;
		};
		8AA4ED15EA77CCD15731417C /* Frameworks */ = {
			isa = PBXFrameworksBuildPhase;
			buildActionMask = 2147483647;
			files = (
				B52360C63D90CE82D512023F /* Accelerate.framework in Frameworks */,
				59CBE8BBED2EBDB8282ED24E /* AudioToolbox.framework in Frameworks */,
				562FEFB8EBE8A61FF1FD74EC /* Carbon.framework in Frameworks */,
				C2C7A8BF4BBF0592D775E60F /* Cocoa.framework in Frameworks */,
				60C46B6E6CD2AD66BFA75843 /* CoreAudio.framework in Frameworks */,
				1683B2ABDE6B0E5675F756E2 /* CoreAudioKit.framework in Frameworks */,
				AACA6C7616BC01BEF25C184F /* CoreMIDI.framework in Frameworks */,
				D07F33E09BB22EB9DBC14C8E /* DiscRecording.framework in Frameworks */,
				56D17A816F6F65AFC8127D16 /* Foundation.framework in Frameworks */,
				82853E5B56A51BCFBFC0D759 /* IOKit.framework in Frameworks */,
				A71FFCB9E1B572E0A5F0D650 /* QuartzCore.framework in Frameworks */,
				E2B7566D9BF33354B9310D3B /* WebKit.framework in Frameworks */,
			);
			runOnlyForDeploymentPostprocessing = 0;
		};
/* End PBXFrameworksBuildPhase section */

/* Begin PBXGroup section */
		24300EDC025098044AB41616 /* Products */ = {
			isa = PBXGroup;
			children = (
				678102B6B82A62B25EC4982D /* 4086.vst3 */,
				1623866944E4F144AE775464 /* 4086.component */,
				164D768EC91C9FE933037811 /* 4086.app */,
				55ED0F7E6BC73BB5951F7EEB /* lib4086.a */,
			);
			name = Products;
			sourceTree = "<group>";
		};
		2D7D66EDDC628DB26644C4A5 /* Source */ = {
			isa = PBXGroup;
			children = (
				68CEF5B731AA16F90D243C51 /* PluginProcessor.cpp */,
				B61407604C960CFF03FE7F37 /* roland_SH_101_knob.png */,
				593CDD886C4AF2F4A3AF35AC /* fx-2.png */,
				8BD3654EF0F11B7CC0F8EF46 /* PluginProcessor.h */,
				5A806C564A318371DD530488 /* comp.h */,
				CABFC2A4DDF26D4862F69D0C /* comp.cpp */,
				60FDD04D08AB16B434D267E5 /* PluginEditor.cpp */,
				C86FA5AA9113D4659ED80EA8 /* PluginEditor.h */,
			);
			name = Source;
			sourceTree = "<group>";
		};
		515FB64A637844628630D459 /* JUCE Library Code */ = {
			isa = PBXGroup;
			children = (
				EC632C95C6023B852E17CA94 /* BinaryData.cpp */,
				549CC04122B11457158C25EC /* BinaryData.h */,
				310A951F3943EFD9DB443068 /* include_foleys_gui_magic.cpp */,
				766DB4815637C6D57D4CFBB9 /* include_juce_audio_basics.mm */,
				3CE45B21E4A0A38FBE6D1A84 /* include_juce_audio_devices.mm */,
				B180FB0B7D8F92A9332D0F42 /* include_juce_audio_formats.mm */,
				70654F44D7809A8301C816F0 /* include_juce_audio_plugin_client_AU.r */,
				B26899C6F234A969170D3782 /* include_juce_audio_plugin_client_AU_1.mm */,
				03A92E83984E4A2A21372638 /* include_juce_audio_plugin_client_AU_2.mm */,
				9B1C596B8A05AC176BB61E1C /* include_juce_audio_plugin_client_Standalone.cpp */,
				92AC74532BA2EC0E0CEDBDCE /* include_juce_audio_plugin_client_utils.cpp */,
				34B15624F355BB19EE620AA0 /* include_juce_audio_plugin_client_VST_utils.mm */,
				D6CDF6617042DADB53F105E2 /* include_juce_audio_plugin_client_VST3.cpp */,
				244E44B42C8922C88B0C9AE2 /* include_juce_audio_processors.mm */,
				F3C827847835708E38629604 /* include_juce_audio_utils.mm */,
				5107930898380383A4A8B79D /* include_juce_core.mm */,
				568A03484173D3BA7061D335 /* include_juce_cryptography.mm */,
				FAB678DB880406C5EF665734 /* include_juce_data_structures.mm */,
				37E011EAA95A797B449EA8F3 /* include_juce_dsp.mm */,
				226A2CB6A40804C99DBBEA9D /* include_juce_events.mm */,
				F533084DA8A91A2416EF3943 /* include_juce_graphics.mm */,
				5E2410A158E26133AA8630AA /* include_juce_gui_basics.mm */,
				C7FF29E8EF3E1153CFC0ECCF /* include_juce_gui_extra.mm */,
				F49E880587BCBD8F44FD32C4 /* include_juce_osc.cpp */,
				57678993CE78A68A14498668 /* JuceHeader.h */,
				76DA75181CF8F1DE2004511C /* JucePluginDefines.h */,
			);
			name = "JUCE Library Code";
			sourceTree = "<group>";
		};
		6F26DA2BFC9D51E7C112DB86 /* Frameworks */ = {
			isa = PBXGroup;
			children = (
				72B4C1C5FAF45704E906573B /* AudioUnit.framework */,
				2C516A95DB4F79B37B72E794 /* Accelerate.framework */,
				34699653B2E7553C314542C9 /* AudioToolbox.framework */,
				A46463D3D580261139E2D559 /* Carbon.framework */,
				AB740AD0CE3D18AE763BC054 /* Cocoa.framework */,
				75A15E9FFDF7546062AE8311 /* CoreAudio.framework */,
				4B49BC56BD8B73E00A5A4182 /* CoreAudioKit.framework */,
				BF3E3DBB00F69EFA678A2483 /* CoreMIDI.framework */,
				18C83A31A81E0EF555612C5D /* DiscRecording.framework */,
				914F5D3379304CAA3F6BC70E /* Foundation.framework */,
				66A994C79C95A3C0646B6B75 /* IOKit.framework */,
				AD35DD35C8CB4B6CE0B523B5 /* QuartzCore.framework */,
				093A79BD276CF489E617724D /* WebKit.framework */,
			);
			name = Frameworks;
			sourceTree = "<group>";
		};
		B4047055DD26B7FC80945506 /* 4086 */ = {
			isa = PBXGroup;
			children = (
				E785AF34B01AF23848F7AF9E /* magic.xml */,
				2D7D66EDDC628DB26644C4A5 /* Source */,
			);
			name = 4086;
			sourceTree = "<group>";
		};
		BC476EBABF6D6EFB6612DDD3 /* JUCE Modules */ = {
			isa = PBXGroup;
			children = (
				D5FA3149D7869A4064AF6E13 /* foleys_gui_magic */,
				123A9059B759A059DE599510 /* juce_audio_basics */,
				12A4A44CFFEFBD2C011A986B /* juce_audio_devices */,
				A7FDA4F0B0812D6054245418 /* juce_audio_formats */,
				EC66F460B18EE652D6618377 /* juce_audio_plugin_client */,
				B14BFBF26C75382EC9148092 /* juce_audio_processors */,
				5C78DDD2023FECC80A1D7F46 /* juce_audio_utils */,
				AD6CED732D83DE83F6F71124 /* juce_core */,
				6D87AEC2A8C2AAFB9F9871C2 /* juce_cryptography */,
				70698F3F9D237D3E00CEF19D /* juce_data_structures */,
				07D32701404179125C9E4490 /* juce_dsp */,
				4FF8D7C737F268AD7AE0036F /* juce_events */,
				1017D2DF47CEB31D24330BA0 /* juce_graphics */,
				48F2C972609331CF3A1714B6 /* juce_gui_basics */,
				AAA0FCF39DCC40339F5FCA66 /* juce_gui_extra */,
				10563974307585CF2130441F /* juce_osc */,
			);
			name = "JUCE Modules";
			sourceTree = "<group>";
		};
		DEC6E857EC1CF4D3E63ED26A /* Resources */ = {
			isa = PBXGroup;
			children = (
				AC468D25F50CEDC074B80690 /* Info-VST3.plist */,
				C60EEB91CCCB69898E031842 /* Info-AU.plist */,
				E2BAA242D6F0605219C9730B /* Info-Standalone_Plugin.plist */,
				10B8514E0CB2614FF0760D87 /* RecentFilesMenuTemplate.nib */,
			);
			name = Resources;
			sourceTree = "<group>";
		};
		F96C218D92AF4FC2AE4A008A /* Source */ = {
			isa = PBXGroup;
			children = (
				B4047055DD26B7FC80945506 /* 4086 */,
				BC476EBABF6D6EFB6612DDD3 /* JUCE Modules */,
				515FB64A637844628630D459 /* JUCE Library Code */,
				DEC6E857EC1CF4D3E63ED26A /* Resources */,
				6F26DA2BFC9D51E7C112DB86 /* Frameworks */,
				24300EDC025098044AB41616 /* Products */,
			);
			name = Source;
			sourceTree = "<group>";
		};
/* End PBXGroup section */

/* Begin PBXNativeTarget section */
		0F6A078E278916D070B3D847 /* 4086 - Shared Code */ = {
			isa = PBXNativeTarget;
			buildConfigurationList = 86ED8A8274982B779FDC509A /* Build configuration list for PBXNativeTarget "4086 - Shared Code" */;
			buildPhases = (
				D4F46A992B4A8FE475B7F9F5 /* Sources */,
			);
			buildRules = (
			);
			dependencies = (
			);
			name = "4086 - Shared Code";
			productName = 4086;
			productReference = 55ED0F7E6BC73BB5951F7EEB /* lib4086.a */;
			productType = "com.apple.product-type.library.static";
		};
		0FA9934F6494602C6A83C3A9 /* 4086 - Standalone Plugin */ = {
			isa = PBXNativeTarget;
			buildConfigurationList = 6AAB0799F58D5C2F713D5B4C /* Build configuration list for PBXNativeTarget "4086 - Standalone Plugin" */;
			buildPhases = (
				E7789B5F9B1749FA5B7E791D /* Resources */,
				DF8415C797783C22C2F3F050 /* Sources */,
				2A8F56C1CD5C7B8E1887106F /* Frameworks */,
			);
			buildRules = (
			);
			dependencies = (
				22E6334A6DD0EFF6A2579531 /* PBXTargetDependency */,
			);
			name = "4086 - Standalone Plugin";
			productName = 4086;
			productReference = 164D768EC91C9FE933037811 /* 4086.app */;
			productType = "com.apple.product-type.application";
		};
		AD5C0C2F4423028F5D5B1AA1 /* 4086 - VST3 */ = {
			isa = PBXNativeTarget;
			buildConfigurationList = 3FD983B4BBA82DE0E9EC5987 /* Build configuration list for PBXNativeTarget "4086 - VST3" */;
			buildPhases = (
				CD23174425D43236F4A378EE /* Resources */,
				A6C2F318F5CC91EA8334139D /* Sources */,
				8AA4ED15EA77CCD15731417C /* Frameworks */,
			);
			buildRules = (
			);
			dependencies = (
				7B405BCF6D81B7BD20D8170C /* PBXTargetDependency */,
			);
			name = "4086 - VST3";
			productName = 4086;
			productReference = 678102B6B82A62B25EC4982D /* 4086.vst3 */;
			productType = "com.apple.product-type.bundle";
		};
		CEC878C1499F9ACD05AE286A /* 4086 - AU */ = {
			isa = PBXNativeTarget;
			buildConfigurationList = 4581B73DA8EE0E1EB892DE64 /* Build configuration list for PBXNativeTarget "4086 - AU" */;
			buildPhases = (
				2B77F1CBD8174B08254089A0 /* Resources */,
				79A6915BF1BB6464D367B4AD /* Rez */,
				467FDD5B3CEFC6145C07C934 /* Sources */,
				6966A67FD9C46DE0ADB1F8A2 /* Frameworks */,
			);
			buildRules = (
			);
			dependencies = (
				D2CA9ECA5B42CD40766AE6A3 /* PBXTargetDependency */,
			);
			name = "4086 - AU";
			productName = 4086;
			productReference = 1623866944E4F144AE775464 /* 4086.component */;
			productType = "com.apple.product-type.bundle";
		};
/* End PBXNativeTarget section */

/* Begin PBXProject section */
		9AE5DBF3F2A7395800AB4D15 /* Project object */ = {
			isa = PBXProject;
			attributes = {
				LastUpgradeCheck = 1320;
				ORGANIZATIONNAME = "";
				TargetAttributes = {
					0F6A078E278916D070B3D847 = {
						SystemCapabilities = {
							com.apple.ApplicationGroups.iOS = {
								enabled = 0;
							};
							com.apple.HardenedRuntime = {
								enabled = 0;
							};
							com.apple.InAppPurchase = {
								enabled = 0;
							};
							com.apple.InterAppAudio = {
								enabled = 0;
							};
							com.apple.Push = {
								enabled = 0;
							};
							com.apple.Sandbox = {
								enabled = 0;
							};
						};
					};
					0FA9934F6494602C6A83C3A9 = {
						SystemCapabilities = {
							com.apple.ApplicationGroups.iOS = {
								enabled = 0;
							};
							com.apple.HardenedRuntime = {
								enabled = 0;
							};
							com.apple.InAppPurchase = {
								enabled = 0;
							};
							com.apple.InterAppAudio = {
								enabled = 0;
							};
							com.apple.Push = {
								enabled = 0;
							};
							com.apple.Sandbox = {
								enabled = 0;
							};
						};
					};
					9A9CAD4A727AB41A19C44367 = {
						SystemCapabilities = {
							com.apple.ApplicationGroups.iOS = {
								enabled = 0;
							};
							com.apple.HardenedRuntime = {
								enabled = 0;
							};
							com.apple.InAppPurchase = {
								enabled = 0;
							};
							com.apple.InterAppAudio = {
								enabled = 0;
							};
							com.apple.Push = {
								enabled = 0;
							};
							com.apple.Sandbox = {
								enabled = 0;
							};
						};
					};
					AD5C0C2F4423028F5D5B1AA1 = {
						SystemCapabilities = {
							com.apple.ApplicationGroups.iOS = {
								enabled = 0;
							};
							com.apple.HardenedRuntime = {
								enabled = 0;
							};
							com.apple.InAppPurchase = {
								enabled = 0;
							};
							com.apple.InterAppAudio = {
								enabled = 0;
							};
							com.apple.Push = {
								enabled = 0;
							};
							com.apple.Sandbox = {
								enabled = 0;
							};
						};
					};
					CEC878C1499F9ACD05AE286A = {
						SystemCapabilities = {
							com.apple.ApplicationGroups.iOS = {
								enabled = 0;
							};
							com.apple.HardenedRuntime = {
								enabled = 0;
							};
							com.apple.InAppPurchase = {
								enabled = 0;
							};
							com.apple.InterAppAudio = {
								enabled = 0;
							};
							com.apple.Push = {
								enabled = 0;
							};
							com.apple.Sandbox = {
								enabled = 0;
							};
						};
					};
				};
			};
			buildConfigurationList = 7ABB727088A99FE3FD850755 /* Build configuration list for PBXProject "4086" */;
			compatibilityVersion = "Xcode 3.2";
			developmentRegion = en;
			hasScannedForEncodings = 0;
			knownRegions = (
				en,
				Base,
			);
			mainGroup = F96C218D92AF4FC2AE4A008A /* Source */;
			projectDirPath = "";
			projectRoot = "";
			targets = (
				9A9CAD4A727AB41A19C44367 /* 4086 - All */,
				AD5C0C2F4423028F5D5B1AA1 /* 4086 - VST3 */,
				CEC878C1499F9ACD05AE286A /* 4086 - AU */,
				0FA9934F6494602C6A83C3A9 /* 4086 - Standalone Plugin */,
				0F6A078E278916D070B3D847 /* 4086 - Shared Code */,
			);
		};
/* End PBXProject section */

/* Begin PBXResourcesBuildPhase section */
		2B77F1CBD8174B08254089A0 /* Resources */ = {
			isa = PBXResourcesBuildPhase;
			buildActionMask = 2147483647;
			files = (
				352E53C4285510CB00523B67 /* RecentFilesMenuTemplate.nib in Resources */,
			);
			runOnlyForDeploymentPostprocessing = 0;
		};
		CD23174425D43236F4A378EE /* Resources */ = {
			isa = PBXResourcesBuildPhase;
			buildActionMask = 2147483647;
			files = (
				20CC201DE3BEBF1FEE470D8D /* RecentFilesMenuTemplate.nib in Resources */,
			);
			runOnlyForDeploymentPostprocessing = 0;
		};
		E7789B5F9B1749FA5B7E791D /* Resources */ = {
			isa = PBXResourcesBuildPhase;
			buildActionMask = 2147483647;
			files = (
				352E53D1285510CB00523B67 /* RecentFilesMenuTemplate.nib in Resources */,
			);
			runOnlyForDeploymentPostprocessing = 0;
		};
/* End PBXResourcesBuildPhase section */

/* Begin PBXRezBuildPhase section */
		79A6915BF1BB6464D367B4AD /* Rez */ = {
			isa = PBXRezBuildPhase;
			buildActionMask = 2147483647;
			files = (
				7F6EB8FE801B858593328FC8 /* include_juce_audio_plugin_client_AU.r in Rez */,
			);
			runOnlyForDeploymentPostprocessing = 0;
		};
/* End PBXRezBuildPhase section */

/* Begin PBXSourcesBuildPhase section */
		467FDD5B3CEFC6145C07C934 /* Sources */ = {
			isa = PBXSourcesBuildPhase;
			buildActionMask = 2147483647;
			files = (
				F794209714A920C805F3DF21 /* include_juce_audio_plugin_client_AU_1.mm in Sources */,
				1FFBBF9A06FBED038AE97FA7 /* include_juce_audio_plugin_client_AU_2.mm in Sources */,
			);
			runOnlyForDeploymentPostprocessing = 0;
		};
		A6C2F318F5CC91EA8334139D /* Sources */ = {
			isa = PBXSourcesBuildPhase;
			buildActionMask = 2147483647;
			files = (
				724249DFEF2868EAB138EAB3 /* include_juce_audio_plugin_client_VST3.cpp in Sources */,
			);
			runOnlyForDeploymentPostprocessing = 0;
		};
		D4F46A992B4A8FE475B7F9F5 /* Sources */ = {
			isa = PBXSourcesBuildPhase;
			buildActionMask = 2147483647;
			files = (
				8BE04F9ECC8367771E05B506 /* PluginProcessor.cpp in Sources */,
				A97C6AB8045A69643CADDF68 /* comp.cpp in Sources */,
				E9064DC1586D8AD40663CA6C /* PluginEditor.cpp in Sources */,
				C6E53F82831DE9FEF97C4287 /* BinaryData.cpp in Sources */,
				10B17D6D068F0481626D4E1F /* include_foleys_gui_magic.cpp in Sources */,
				3009A760FDD32B4C3CE498B8 /* include_juce_audio_basics.mm in Sources */,
				DD1C5DF9FC3DFE07936FBDDB /* include_juce_audio_devices.mm in Sources */,
				D4CC6CC7D547D7F02BB15F2B /* include_juce_audio_formats.mm in Sources */,
				3789C2EB9518AA1ACB85AA7E /* include_juce_audio_plugin_client_utils.cpp in Sources */,
				957E4E6A545A1866B4AEB102 /* include_juce_audio_plugin_client_VST_utils.mm in Sources */,
				D1E1C46EF1A21D7D0472C0C4 /* include_juce_audio_processors.mm in Sources */,
				4976AA08B32B4290468B57D7 /* include_juce_audio_utils.mm in Sources */,
				86A66687EA5A1B590ED1A78D /* include_juce_core.mm in Sources */,
				B6D367454B5364A7053798FD /* include_juce_cryptography.mm in Sources */,
				3301A972FB9917844E867088 /* include_juce_data_structures.mm in Sources */,
				25D32AD49D219C6B6CFB663A /* include_juce_dsp.mm in Sources */,
				8B897044498486D53914932F /* include_juce_events.mm in Sources */,
				976F405B5935546055961F8D /* include_juce_graphics.mm in Sources */,
				D2BA037979A2CCD79B76C983 /* include_juce_gui_basics.mm in Sources */,
				0C2FBDB0649A6D1B8F094466 /* include_juce_gui_extra.mm in Sources */,
				63FE61E0A565DAE5EEF42DFC /* include_juce_osc.cpp in Sources */,
			);
			runOnlyForDeploymentPostprocessing = 0;
		};
		DF8415C797783C22C2F3F050 /* Sources */ = {
			isa = PBXSourcesBuildPhase;
			buildActionMask = 2147483647;
			files = (
				C8E20B6E39D3316259EE175F /* include_juce_audio_plugin_client_Standalone.cpp in Sources */,
			);
			runOnlyForDeploymentPostprocessing = 0;
		};
/* End PBXSourcesBuildPhase section */

/* Begin PBXTargetDependency section */
		22E6334A6DD0EFF6A2579531 /* PBXTargetDependency */ = {
			isa = PBXTargetDependency;
			target = 0F6A078E278916D070B3D847 /* 4086 - Shared Code */;
			targetProxy = 352E53DF285510CB00523B67 /* PBXContainerItemProxy */;
		};
		589D9EDC1B444609DE4FAA69 /* PBXTargetDependency */ = {
			isa = PBXTargetDependency;
			target = 0F6A078E278916D070B3D847 /* 4086 - Shared Code */;
			targetProxy = 352E53E4285510CC00523B67 /* PBXContainerItemProxy */;
		};
		6F321AF45E1FC18AA8E486BA /* PBXTargetDependency */ = {
			isa = PBXTargetDependency;
			target = CEC878C1499F9ACD05AE286A /* 4086 - AU */;
			targetProxy = 352E53E2285510CC00523B67 /* PBXContainerItemProxy */;
		};
		7B405BCF6D81B7BD20D8170C /* PBXTargetDependency */ = {
			isa = PBXTargetDependency;
			target = 0F6A078E278916D070B3D847 /* 4086 - Shared Code */;
			targetProxy = 352E53E0285510CB00523B67 /* PBXContainerItemProxy */;
		};
		8B546B0859375F312B11DC9B /* PBXTargetDependency */ = {
			isa = PBXTargetDependency;
			target = AD5C0C2F4423028F5D5B1AA1 /* 4086 - VST3 */;
			targetProxy = 352E53E1285510CC00523B67 /* PBXContainerItemProxy */;
		};
		D2CA9ECA5B42CD40766AE6A3 /* PBXTargetDependency */ = {
			isa = PBXTargetDependency;
			target = 0F6A078E278916D070B3D847 /* 4086 - Shared Code */;
			targetProxy = 352E53DE285510CB00523B67 /* PBXContainerItemProxy */;
		};
		DF31886B693B374B0164C007 /* PBXTargetDependency */ = {
			isa = PBXTargetDependency;
			target = 0FA9934F6494602C6A83C3A9 /* 4086 - Standalone Plugin */;
			targetProxy = 352E53E3285510CC00523B67 /* PBXContainerItemProxy */;
		};
/* End PBXTargetDependency section */

/* Begin XCBuildConfiguration section */
		0F81099A9BC68DE61B667C63 /* Release */ = {
			isa = XCBuildConfiguration;
			buildSettings = {
				CLANG_CXX_LANGUAGE_STANDARD = "c++14";
				CLANG_CXX_LIBRARY = "libc++";
				CLANG_LINK_OBJC_RUNTIME = NO;
				CODE_SIGN_IDENTITY = "";
				COMBINE_HIDPI_IMAGES = YES;
				CONFIGURATION_BUILD_DIR = "$(PROJECT_DIR)/build/$(CONFIGURATION)";
				DEAD_CODE_STRIPPING = YES;
				DEPLOYMENT_LOCATION = YES;
				DSTROOT = /;
				EXCLUDED_ARCHS = "";
				GCC_GENERATE_DEBUGGING_SYMBOLS = NO;
				GCC_OPTIMIZATION_LEVEL = 3;
				GCC_PREPROCESSOR_DEFINITIONS = (
					"_NDEBUG=1",
					"NDEBUG=1",
					"JUCE_DISPLAY_SPLASH_SCREEN=1",
					"JUCE_USE_DARK_SPLASH_SCREEN=1",
					"JUCE_PROJUCER_VERSION=0x60106",
					"JUCE_MODULE_AVAILABLE_foleys_gui_magic=1",
					"JUCE_MODULE_AVAILABLE_juce_audio_basics=1",
					"JUCE_MODULE_AVAILABLE_juce_audio_devices=1",
					"JUCE_MODULE_AVAILABLE_juce_audio_formats=1",
					"JUCE_MODULE_AVAILABLE_juce_audio_plugin_client=1",
					"JUCE_MODULE_AVAILABLE_juce_audio_processors=1",
					"JUCE_MODULE_AVAILABLE_juce_audio_utils=1",
					"JUCE_MODULE_AVAILABLE_juce_core=1",
					"JUCE_MODULE_AVAILABLE_juce_cryptography=1",
					"JUCE_MODULE_AVAILABLE_juce_data_structures=1",
					"JUCE_MODULE_AVAILABLE_juce_dsp=1",
					"JUCE_MODULE_AVAILABLE_juce_events=1",
					"JUCE_MODULE_AVAILABLE_juce_graphics=1",
					"JUCE_MODULE_AVAILABLE_juce_gui_basics=1",
					"JUCE_MODULE_AVAILABLE_juce_gui_extra=1",
					"JUCE_MODULE_AVAILABLE_juce_osc=1",
					"JUCE_GLOBAL_MODULE_SETTINGS_INCLUDED=1",
					"FOLEYS_ENABLE_BINARY_DATA=1",
					"JUCE_VST3_CAN_REPLACE_VST2=0",
					"JUCE_STRICT_REFCOUNTEDPOINTER=1",
					"JucePlugin_Build_VST=0",
					"JucePlugin_Build_VST3=0",
					"JucePlugin_Build_AU=1",
					"JucePlugin_Build_AUv3=0",
					"JucePlugin_Build_RTAS=0",
					"JucePlugin_Build_AAX=0",
					"JucePlugin_Build_Standalone=0",
					"JucePlugin_Build_Unity=0",
					"JucePlugin_Enable_IAA=0",
					"JucePlugin_Name=\\\"4086\\\"",
					"JucePlugin_Desc=\\\"4086\\\"",
					"JucePlugin_Manufacturer=\\\"yourcompany\\\"",
					"JucePlugin_ManufacturerWebsite=\\\"\\\"",
					"JucePlugin_ManufacturerEmail=\\\"\\\"",
					"JucePlugin_ManufacturerCode=0x4d616e75",
					"JucePlugin_PluginCode=0x4f6a356e",
					"JucePlugin_IsSynth=0",
					"JucePlugin_WantsMidiInput=0",
					"JucePlugin_ProducesMidiOutput=0",
					"JucePlugin_IsMidiEffect=0",
					"JucePlugin_EditorRequiresKeyboardFocus=0",
					"JucePlugin_Version=1.0.0",
					"JucePlugin_VersionCode=0x10000",
					"JucePlugin_VersionString=\\\"1.0.0\\\"",
					"JucePlugin_VSTUniqueID=JucePlugin_PluginCode",
					"JucePlugin_VSTCategory=kPlugCategEffect",
					"JucePlugin_Vst3Category=\\\"Fx\\\"",
					"JucePlugin_AUMainType=\\'aufx\\'",
					"JucePlugin_AUSubType=JucePlugin_PluginCode",
					"JucePlugin_AUExportPrefix=_4086AU",
					"JucePlugin_AUExportPrefixQuoted=\\\"_4086AU\\\"",
					"JucePlugin_AUManufacturerCode=JucePlugin_ManufacturerCode",
					"JucePlugin_CFBundleIdentifier=com.yourcompany._4086",
					"JucePlugin_RTASCategory=0",
					"JucePlugin_RTASManufacturerCode=JucePlugin_ManufacturerCode",
					"JucePlugin_RTASProductId=JucePlugin_PluginCode",
					"JucePlugin_RTASDisableBypass=0",
					"JucePlugin_RTASDisableMultiMono=0",
					"JucePlugin_AAXIdentifier=com.yourcompany._4086",
					"JucePlugin_AAXManufacturerCode=JucePlugin_ManufacturerCode",
					"JucePlugin_AAXProductId=JucePlugin_PluginCode",
					"JucePlugin_AAXCategory=0",
					"JucePlugin_AAXDisableBypass=0",
					"JucePlugin_AAXDisableMultiMono=0",
					"JucePlugin_IAAType=0x61757278",
					"JucePlugin_IAASubType=JucePlugin_PluginCode",
					"JucePlugin_IAAName=\\\"yourcompany:\\ 4086\\\"",
					"JucePlugin_VSTNumMidiInputs=16",
					"JucePlugin_VSTNumMidiOutputs=16",
					"JUCE_STANDALONE_APPLICATION=JucePlugin_Build_Standalone",
					"JUCER_XCODE_MAC_F6D2F4CF=1",
					"JUCE_APP_VERSION=1.0.0",
					"JUCE_APP_VERSION_HEX=0x10000",
				);
				GCC_VERSION = com.apple.compilers.llvm.clang.1_0;
				GENERATE_PKGINFO_FILE = YES;
				HEADER_SEARCH_PATHS = (
					/Applications/JUCE/modules/juce_audio_processors/format_types/VST3_SDK,
					"$(SRCROOT)/../../JuceLibraryCode",
					"$(SRCROOT)/../../../GitHub/PluginGuiMagic/modules",
					/Applications/JUCE/modules,
					/Applications/JUCE/modules/juce_audio_plugin_client,
					"$(inherited)",
				);
				INFOPLIST_FILE = "Info-AU.plist";
				INFOPLIST_PREPROCESS = NO;
				INSTALL_PATH = "$(HOME)/Library/Audio/Plug-Ins/Components/";
				LIBRARY_STYLE = Bundle;
				LLVM_LTO = YES;
				MACOSX_DEPLOYMENT_TARGET = 10.11;
				MTL_HEADER_SEARCH_PATHS = "/Applications/JUCE/modules/juce_audio_processors/format_types/VST3_SDK $(SRCROOT)/../../JuceLibraryCode $(SRCROOT)/../../../GitHub/PluginGuiMagic/modules /Applications/JUCE/modules /Applications/JUCE/modules/juce_audio_plugin_client";
				OTHER_LDFLAGS = (
					"-bundle",
					"-l4086",
				);
				OTHER_REZFLAGS = "-d ppc_$ppc -d i386_$i386 -d ppc64_$ppc64 -d x86_64_$x86_64 -d arm64_$arm64 -I /System/Library/Frameworks/CoreServices.framework/Frameworks/CarbonCore.framework/Versions/A/Headers -I \"$(DEVELOPER_DIR)/Extras/CoreAudio/AudioUnits/AUPublic/AUBase\" -I \"$(DEVELOPER_DIR)/Platforms/MacOSX.platform/Developer/SDKs/MacOSX.sdk/System/Library/Frameworks/AudioUnit.framework/Headers\"";
				PRODUCT_BUNDLE_IDENTIFIER = com.yourcompany._4086;
				PRODUCT_NAME = 4086;
				USE_HEADERMAP = NO;
				VALID_ARCHS = "i386 x86_64 arm64 arm64e";
				WRAPPER_EXTENSION = component;
			};
			name = Release;
		};
		190722DC0964EF5B9E799D1C /* Release */ = {
			isa = XCBuildConfiguration;
			buildSettings = {
				MACOSX_DEPLOYMENT_TARGET = 10.11;
				SDKROOT = macosx;
			};
			name = Release;
		};
		49D7702B0CB60721F87D4491 /* Debug */ = {
			isa = XCBuildConfiguration;
			buildSettings = {
				CLANG_CXX_LANGUAGE_STANDARD = "c++14";
				CLANG_CXX_LIBRARY = "libc++";
				CLANG_LINK_OBJC_RUNTIME = NO;
				CODE_SIGN_IDENTITY = "";
				COMBINE_HIDPI_IMAGES = YES;
				CONFIGURATION_BUILD_DIR = "$(PROJECT_DIR)/build/$(CONFIGURATION)";
				COPY_PHASE_STRIP = NO;
				DEPLOYMENT_LOCATION = YES;
				DSTROOT = /;
				EXCLUDED_ARCHS = "";
				GCC_DYNAMIC_NO_PIC = NO;
				GCC_OPTIMIZATION_LEVEL = 0;
				GCC_PREPROCESSOR_DEFINITIONS = (
					"_DEBUG=1",
					"DEBUG=1",
					"JUCE_DISPLAY_SPLASH_SCREEN=1",
					"JUCE_USE_DARK_SPLASH_SCREEN=1",
					"JUCE_PROJUCER_VERSION=0x60106",
					"JUCE_MODULE_AVAILABLE_foleys_gui_magic=1",
					"JUCE_MODULE_AVAILABLE_juce_audio_basics=1",
					"JUCE_MODULE_AVAILABLE_juce_audio_devices=1",
					"JUCE_MODULE_AVAILABLE_juce_audio_formats=1",
					"JUCE_MODULE_AVAILABLE_juce_audio_plugin_client=1",
					"JUCE_MODULE_AVAILABLE_juce_audio_processors=1",
					"JUCE_MODULE_AVAILABLE_juce_audio_utils=1",
					"JUCE_MODULE_AVAILABLE_juce_core=1",
					"JUCE_MODULE_AVAILABLE_juce_cryptography=1",
					"JUCE_MODULE_AVAILABLE_juce_data_structures=1",
					"JUCE_MODULE_AVAILABLE_juce_dsp=1",
					"JUCE_MODULE_AVAILABLE_juce_events=1",
					"JUCE_MODULE_AVAILABLE_juce_graphics=1",
					"JUCE_MODULE_AVAILABLE_juce_gui_basics=1",
					"JUCE_MODULE_AVAILABLE_juce_gui_extra=1",
					"JUCE_MODULE_AVAILABLE_juce_osc=1",
					"JUCE_GLOBAL_MODULE_SETTINGS_INCLUDED=1",
					"FOLEYS_ENABLE_BINARY_DATA=1",
					"JUCE_VST3_CAN_REPLACE_VST2=0",
					"JUCE_STRICT_REFCOUNTEDPOINTER=1",
					"JucePlugin_Build_VST=0",
					"JucePlugin_Build_VST3=0",
					"JucePlugin_Build_AU=1",
					"JucePlugin_Build_AUv3=0",
					"JucePlugin_Build_RTAS=0",
					"JucePlugin_Build_AAX=0",
					"JucePlugin_Build_Standalone=0",
					"JucePlugin_Build_Unity=0",
					"JucePlugin_Enable_IAA=0",
					"JucePlugin_Name=\\\"4086\\\"",
					"JucePlugin_Desc=\\\"4086\\\"",
					"JucePlugin_Manufacturer=\\\"yourcompany\\\"",
					"JucePlugin_ManufacturerWebsite=\\\"\\\"",
					"JucePlugin_ManufacturerEmail=\\\"\\\"",
					"JucePlugin_ManufacturerCode=0x4d616e75",
					"JucePlugin_PluginCode=0x4f6a356e",
					"JucePlugin_IsSynth=0",
					"JucePlugin_WantsMidiInput=0",
					"JucePlugin_ProducesMidiOutput=0",
					"JucePlugin_IsMidiEffect=0",
					"JucePlugin_EditorRequiresKeyboardFocus=0",
					"JucePlugin_Version=1.0.0",
					"JucePlugin_VersionCode=0x10000",
					"JucePlugin_VersionString=\\\"1.0.0\\\"",
					"JucePlugin_VSTUniqueID=JucePlugin_PluginCode",
					"JucePlugin_VSTCategory=kPlugCategEffect",
					"JucePlugin_Vst3Category=\\\"Fx\\\"",
					"JucePlugin_AUMainType=\\'aufx\\'",
					"JucePlugin_AUSubType=JucePlugin_PluginCode",
					"JucePlugin_AUExportPrefix=_4086AU",
					"JucePlugin_AUExportPrefixQuoted=\\\"_4086AU\\\"",
					"JucePlugin_AUManufacturerCode=JucePlugin_ManufacturerCode",
					"JucePlugin_CFBundleIdentifier=com.yourcompany._4086",
					"JucePlugin_RTASCategory=0",
					"JucePlugin_RTASManufacturerCode=JucePlugin_ManufacturerCode",
					"JucePlugin_RTASProductId=JucePlugin_PluginCode",
					"JucePlugin_RTASDisableBypass=0",
					"JucePlugin_RTASDisableMultiMono=0",
					"JucePlugin_AAXIdentifier=com.yourcompany._4086",
					"JucePlugin_AAXManufacturerCode=JucePlugin_ManufacturerCode",
					"JucePlugin_AAXProductId=JucePlugin_PluginCode",
					"JucePlugin_AAXCategory=0",
					"JucePlugin_AAXDisableBypass=0",
					"JucePlugin_AAXDisableMultiMono=0",
					"JucePlugin_IAAType=0x61757278",
					"JucePlugin_IAASubType=JucePlugin_PluginCode",
					"JucePlugin_IAAName=\\\"yourcompany:\\ 4086\\\"",
					"JucePlugin_VSTNumMidiInputs=16",
					"JucePlugin_VSTNumMidiOutputs=16",
					"JUCE_STANDALONE_APPLICATION=JucePlugin_Build_Standalone",
					"JUCER_XCODE_MAC_F6D2F4CF=1",
					"JUCE_APP_VERSION=1.0.0",
					"JUCE_APP_VERSION_HEX=0x10000",
				);
				GCC_VERSION = com.apple.compilers.llvm.clang.1_0;
				GENERATE_PKGINFO_FILE = YES;
				HEADER_SEARCH_PATHS = (
					/Applications/JUCE/modules/juce_audio_processors/format_types/VST3_SDK,
					"$(SRCROOT)/../../JuceLibraryCode",
					"$(SRCROOT)/../../../GitHub/PluginGuiMagic/modules",
					/Applications/JUCE/modules,
					/Applications/JUCE/modules/juce_audio_plugin_client,
					"$(inherited)",
				);
				INFOPLIST_FILE = "Info-AU.plist";
				INFOPLIST_PREPROCESS = NO;
				INSTALL_PATH = "$(HOME)/Library/Audio/Plug-Ins/Components/";
				LIBRARY_STYLE = Bundle;
				MACOSX_DEPLOYMENT_TARGET = 10.11;
				MTL_HEADER_SEARCH_PATHS = "/Applications/JUCE/modules/juce_audio_processors/format_types/VST3_SDK $(SRCROOT)/../../JuceLibraryCode $(SRCROOT)/../../../GitHub/PluginGuiMagic/modules /Applications/JUCE/modules /Applications/JUCE/modules/juce_audio_plugin_client";
				OTHER_LDFLAGS = (
					"-bundle",
					"-l4086",
				);
				OTHER_REZFLAGS = "-d ppc_$ppc -d i386_$i386 -d ppc64_$ppc64 -d x86_64_$x86_64 -d arm64_$arm64 -I /System/Library/Frameworks/CoreServices.framework/Frameworks/CarbonCore.framework/Versions/A/Headers -I \"$(DEVELOPER_DIR)/Extras/CoreAudio/AudioUnits/AUPublic/AUBase\" -I \"$(DEVELOPER_DIR)/Platforms/MacOSX.platform/Developer/SDKs/MacOSX.sdk/System/Library/Frameworks/AudioUnit.framework/Headers\"";
				PRODUCT_BUNDLE_IDENTIFIER = com.yourcompany._4086;
				PRODUCT_NAME = 4086;
				USE_HEADERMAP = NO;
				VALID_ARCHS = "i386 x86_64 arm64 arm64e";
				WRAPPER_EXTENSION = component;
			};
			name = Debug;
		};
		6EA882A7196671F7D148D572 /* Debug */ = {
			isa = XCBuildConfiguration;
			buildSettings = {
				CLANG_CXX_LANGUAGE_STANDARD = "c++14";
				CLANG_CXX_LIBRARY = "libc++";
				CLANG_LINK_OBJC_RUNTIME = NO;
				CODE_SIGN_IDENTITY = "";
				COMBINE_HIDPI_IMAGES = YES;
				CONFIGURATION_BUILD_DIR = "$(PROJECT_DIR)/build/$(CONFIGURATION)";
				COPY_PHASE_STRIP = NO;
				EXCLUDED_ARCHS = "";
				GCC_DYNAMIC_NO_PIC = NO;
				GCC_OPTIMIZATION_LEVEL = 0;
				GCC_PREPROCESSOR_DEFINITIONS = (
					"_DEBUG=1",
					"DEBUG=1",
					"JUCE_DISPLAY_SPLASH_SCREEN=1",
					"JUCE_USE_DARK_SPLASH_SCREEN=1",
					"JUCE_PROJUCER_VERSION=0x60106",
					"JUCE_MODULE_AVAILABLE_foleys_gui_magic=1",
					"JUCE_MODULE_AVAILABLE_juce_audio_basics=1",
					"JUCE_MODULE_AVAILABLE_juce_audio_devices=1",
					"JUCE_MODULE_AVAILABLE_juce_audio_formats=1",
					"JUCE_MODULE_AVAILABLE_juce_audio_plugin_client=1",
					"JUCE_MODULE_AVAILABLE_juce_audio_processors=1",
					"JUCE_MODULE_AVAILABLE_juce_audio_utils=1",
					"JUCE_MODULE_AVAILABLE_juce_core=1",
					"JUCE_MODULE_AVAILABLE_juce_cryptography=1",
					"JUCE_MODULE_AVAILABLE_juce_data_structures=1",
					"JUCE_MODULE_AVAILABLE_juce_dsp=1",
					"JUCE_MODULE_AVAILABLE_juce_events=1",
					"JUCE_MODULE_AVAILABLE_juce_graphics=1",
					"JUCE_MODULE_AVAILABLE_juce_gui_basics=1",
					"JUCE_MODULE_AVAILABLE_juce_gui_extra=1",
					"JUCE_MODULE_AVAILABLE_juce_osc=1",
					"JUCE_GLOBAL_MODULE_SETTINGS_INCLUDED=1",
					"FOLEYS_ENABLE_BINARY_DATA=1",
					"JUCE_VST3_CAN_REPLACE_VST2=0",
					"JUCE_STRICT_REFCOUNTEDPOINTER=1",
					"JucePlugin_Build_VST=0",
					"JucePlugin_Build_VST3=0",
					"JucePlugin_Build_AU=0",
					"JucePlugin_Build_AUv3=0",
					"JucePlugin_Build_RTAS=0",
					"JucePlugin_Build_AAX=0",
					"JucePlugin_Build_Standalone=1",
					"JucePlugin_Build_Unity=0",
					"JucePlugin_Enable_IAA=0",
					"JucePlugin_Name=\\\"4086\\\"",
					"JucePlugin_Desc=\\\"4086\\\"",
					"JucePlugin_Manufacturer=\\\"yourcompany\\\"",
					"JucePlugin_ManufacturerWebsite=\\\"\\\"",
					"JucePlugin_ManufacturerEmail=\\\"\\\"",
					"JucePlugin_ManufacturerCode=0x4d616e75",
					"JucePlugin_PluginCode=0x4f6a356e",
					"JucePlugin_IsSynth=0",
					"JucePlugin_WantsMidiInput=0",
					"JucePlugin_ProducesMidiOutput=0",
					"JucePlugin_IsMidiEffect=0",
					"JucePlugin_EditorRequiresKeyboardFocus=0",
					"JucePlugin_Version=1.0.0",
					"JucePlugin_VersionCode=0x10000",
					"JucePlugin_VersionString=\\\"1.0.0\\\"",
					"JucePlugin_VSTUniqueID=JucePlugin_PluginCode",
					"JucePlugin_VSTCategory=kPlugCategEffect",
					"JucePlugin_Vst3Category=\\\"Fx\\\"",
					"JucePlugin_AUMainType=\\'aufx\\'",
					"JucePlugin_AUSubType=JucePlugin_PluginCode",
					"JucePlugin_AUExportPrefix=_4086AU",
					"JucePlugin_AUExportPrefixQuoted=\\\"_4086AU\\\"",
					"JucePlugin_AUManufacturerCode=JucePlugin_ManufacturerCode",
					"JucePlugin_CFBundleIdentifier=com.yourcompany._4086",
					"JucePlugin_RTASCategory=0",
					"JucePlugin_RTASManufacturerCode=JucePlugin_ManufacturerCode",
					"JucePlugin_RTASProductId=JucePlugin_PluginCode",
					"JucePlugin_RTASDisableBypass=0",
					"JucePlugin_RTASDisableMultiMono=0",
					"JucePlugin_AAXIdentifier=com.yourcompany._4086",
					"JucePlugin_AAXManufacturerCode=JucePlugin_ManufacturerCode",
					"JucePlugin_AAXProductId=JucePlugin_PluginCode",
					"JucePlugin_AAXCategory=0",
					"JucePlugin_AAXDisableBypass=0",
					"JucePlugin_AAXDisableMultiMono=0",
					"JucePlugin_IAAType=0x61757278",
					"JucePlugin_IAASubType=JucePlugin_PluginCode",
					"JucePlugin_IAAName=\\\"yourcompany:\\ 4086\\\"",
					"JucePlugin_VSTNumMidiInputs=16",
					"JucePlugin_VSTNumMidiOutputs=16",
					"JUCE_STANDALONE_APPLICATION=JucePlugin_Build_Standalone",
					"JUCER_XCODE_MAC_F6D2F4CF=1",
					"JUCE_APP_VERSION=1.0.0",
					"JUCE_APP_VERSION_HEX=0x10000",
				);
				GCC_VERSION = com.apple.compilers.llvm.clang.1_0;
				HEADER_SEARCH_PATHS = (
					/Applications/JUCE/modules/juce_audio_processors/format_types/VST3_SDK,
					"$(SRCROOT)/../../JuceLibraryCode",
					"$(SRCROOT)/../../../GitHub/PluginGuiMagic/modules",
					/Applications/JUCE/modules,
					/Applications/JUCE/modules/juce_audio_plugin_client,
					"$(inherited)",
				);
				INFOPLIST_FILE = "Info-Standalone_Plugin.plist";
				INFOPLIST_PREPROCESS = NO;
				MACOSX_DEPLOYMENT_TARGET = 10.11;
				MTL_HEADER_SEARCH_PATHS = "/Applications/JUCE/modules/juce_audio_processors/format_types/VST3_SDK $(SRCROOT)/../../JuceLibraryCode $(SRCROOT)/../../../GitHub/PluginGuiMagic/modules /Applications/JUCE/modules /Applications/JUCE/modules/juce_audio_plugin_client";
				OTHER_LDFLAGS = "-l4086";
				PRODUCT_BUNDLE_IDENTIFIER = com.yourcompany._4086;
				PRODUCT_NAME = 4086;
				USE_HEADERMAP = NO;
				VALID_ARCHS = "i386 x86_64 arm64 arm64e";
			};
			name = Debug;
		};
		73CFFEF34DD8B50B20E91FFD /* Debug */ = {
			isa = XCBuildConfiguration;
			buildSettings = {
				ALWAYS_SEARCH_USER_PATHS = NO;
				CLANG_ENABLE_OBJC_WEAK = YES;
				CLANG_WARN_BLOCK_CAPTURE_AUTORELEASING = YES;
				CLANG_WARN_BOOL_CONVERSION = YES;
				CLANG_WARN_COMMA = YES;
				CLANG_WARN_CONSTANT_CONVERSION = YES;
				CLANG_WARN_DEPRECATED_OBJC_IMPLEMENTATIONS = YES;
				CLANG_WARN_EMPTY_BODY = YES;
				CLANG_WARN_ENUM_CONVERSION = YES;
				CLANG_WARN_INFINITE_RECURSION = YES;
				CLANG_WARN_INT_CONVERSION = YES;
				CLANG_WARN_NON_LITERAL_NULL_CONVERSION = YES;
				CLANG_WARN_OBJC_IMPLICIT_RETAIN_SELF = YES;
				CLANG_WARN_OBJC_LITERAL_CONVERSION = YES;
				CLANG_WARN_RANGE_LOOP_ANALYSIS = YES;
				CLANG_WARN_STRICT_PROTOTYPES = YES;
				CLANG_WARN_SUSPICIOUS_MOVE = YES;
				CLANG_WARN_UNREACHABLE_CODE = YES;
				CLANG_WARN__DUPLICATE_METHOD_MATCH = YES;
				CODE_SIGN_IDENTITY = "";
				DEBUG_INFORMATION_FORMAT = dwarf;
				ENABLE_STRICT_OBJC_MSGSEND = YES;
				ENABLE_TESTABILITY = NO;
				GCC_C_LANGUAGE_STANDARD = c11;
				GCC_INLINES_ARE_PRIVATE_EXTERN = YES;
				GCC_MODEL_TUNING = G5;
				GCC_NO_COMMON_BLOCKS = YES;
				GCC_SYMBOLS_PRIVATE_EXTERN = YES;
				GCC_WARN_64_TO_32_BIT_CONVERSION = YES;
				GCC_WARN_ABOUT_RETURN_TYPE = YES;
				GCC_WARN_CHECK_SWITCH_STATEMENTS = YES;
				GCC_WARN_MISSING_PARENTHESES = YES;
				GCC_WARN_NON_VIRTUAL_DESTRUCTOR = YES;
				GCC_WARN_TYPECHECK_CALLS_TO_PRINTF = YES;
				GCC_WARN_UNDECLARED_SELECTOR = YES;
				GCC_WARN_UNINITIALIZED_AUTOS = YES;
				GCC_WARN_UNUSED_FUNCTION = YES;
				GCC_WARN_UNUSED_VARIABLE = YES;
				ONLY_ACTIVE_ARCH = YES;
				PRODUCT_NAME = 4086;
				SDKROOT = macosx;
				WARNING_CFLAGS = "-Wreorder";
				ZERO_LINK = NO;
			};
			name = Debug;
		};
		762A0EA41AC2F89C703CFE22 /* Debug */ = {
			isa = XCBuildConfiguration;
			buildSettings = {
				CLANG_CXX_LANGUAGE_STANDARD = "c++14";
				CLANG_CXX_LIBRARY = "libc++";
				CLANG_LINK_OBJC_RUNTIME = NO;
				CODE_SIGN_IDENTITY = "";
				COMBINE_HIDPI_IMAGES = YES;
				CONFIGURATION_BUILD_DIR = "$(PROJECT_DIR)/build/$(CONFIGURATION)";
				COPY_PHASE_STRIP = NO;
				DEPLOYMENT_LOCATION = YES;
				DSTROOT = /;
				EXCLUDED_ARCHS = "";
				GCC_DYNAMIC_NO_PIC = NO;
				GCC_OPTIMIZATION_LEVEL = 0;
				GCC_PREPROCESSOR_DEFINITIONS = (
					"_DEBUG=1",
					"DEBUG=1",
					"JUCE_DISPLAY_SPLASH_SCREEN=1",
					"JUCE_USE_DARK_SPLASH_SCREEN=1",
					"JUCE_PROJUCER_VERSION=0x60106",
					"JUCE_MODULE_AVAILABLE_foleys_gui_magic=1",
					"JUCE_MODULE_AVAILABLE_juce_audio_basics=1",
					"JUCE_MODULE_AVAILABLE_juce_audio_devices=1",
					"JUCE_MODULE_AVAILABLE_juce_audio_formats=1",
					"JUCE_MODULE_AVAILABLE_juce_audio_plugin_client=1",
					"JUCE_MODULE_AVAILABLE_juce_audio_processors=1",
					"JUCE_MODULE_AVAILABLE_juce_audio_utils=1",
					"JUCE_MODULE_AVAILABLE_juce_core=1",
					"JUCE_MODULE_AVAILABLE_juce_cryptography=1",
					"JUCE_MODULE_AVAILABLE_juce_data_structures=1",
					"JUCE_MODULE_AVAILABLE_juce_dsp=1",
					"JUCE_MODULE_AVAILABLE_juce_events=1",
					"JUCE_MODULE_AVAILABLE_juce_graphics=1",
					"JUCE_MODULE_AVAILABLE_juce_gui_basics=1",
					"JUCE_MODULE_AVAILABLE_juce_gui_extra=1",
					"JUCE_MODULE_AVAILABLE_juce_osc=1",
					"JUCE_GLOBAL_MODULE_SETTINGS_INCLUDED=1",
					"FOLEYS_ENABLE_BINARY_DATA=1",
					"JUCE_VST3_CAN_REPLACE_VST2=0",
					"JUCE_STRICT_REFCOUNTEDPOINTER=1",
					"JucePlugin_Build_VST=0",
					"JucePlugin_Build_VST3=1",
					"JucePlugin_Build_AU=0",
					"JucePlugin_Build_AUv3=0",
					"JucePlugin_Build_RTAS=0",
					"JucePlugin_Build_AAX=0",
					"JucePlugin_Build_Standalone=0",
					"JucePlugin_Build_Unity=0",
					"JucePlugin_Enable_IAA=0",
					"JucePlugin_Name=\\\"4086\\\"",
					"JucePlugin_Desc=\\\"4086\\\"",
					"JucePlugin_Manufacturer=\\\"yourcompany\\\"",
					"JucePlugin_ManufacturerWebsite=\\\"\\\"",
					"JucePlugin_ManufacturerEmail=\\\"\\\"",
					"JucePlugin_ManufacturerCode=0x4d616e75",
					"JucePlugin_PluginCode=0x4f6a356e",
					"JucePlugin_IsSynth=0",
					"JucePlugin_WantsMidiInput=0",
					"JucePlugin_ProducesMidiOutput=0",
					"JucePlugin_IsMidiEffect=0",
					"JucePlugin_EditorRequiresKeyboardFocus=0",
					"JucePlugin_Version=1.0.0",
					"JucePlugin_VersionCode=0x10000",
					"JucePlugin_VersionString=\\\"1.0.0\\\"",
					"JucePlugin_VSTUniqueID=JucePlugin_PluginCode",
					"JucePlugin_VSTCategory=kPlugCategEffect",
					"JucePlugin_Vst3Category=\\\"Fx\\\"",
					"JucePlugin_AUMainType=\\'aufx\\'",
					"JucePlugin_AUSubType=JucePlugin_PluginCode",
					"JucePlugin_AUExportPrefix=_4086AU",
					"JucePlugin_AUExportPrefixQuoted=\\\"_4086AU\\\"",
					"JucePlugin_AUManufacturerCode=JucePlugin_ManufacturerCode",
					"JucePlugin_CFBundleIdentifier=com.yourcompany._4086",
					"JucePlugin_RTASCategory=0",
					"JucePlugin_RTASManufacturerCode=JucePlugin_ManufacturerCode",
					"JucePlugin_RTASProductId=JucePlugin_PluginCode",
					"JucePlugin_RTASDisableBypass=0",
					"JucePlugin_RTASDisableMultiMono=0",
					"JucePlugin_AAXIdentifier=com.yourcompany._4086",
					"JucePlugin_AAXManufacturerCode=JucePlugin_ManufacturerCode",
					"JucePlugin_AAXProductId=JucePlugin_PluginCode",
					"JucePlugin_AAXCategory=0",
					"JucePlugin_AAXDisableBypass=0",
					"JucePlugin_AAXDisableMultiMono=0",
					"JucePlugin_IAAType=0x61757278",
					"JucePlugin_IAASubType=JucePlugin_PluginCode",
					"JucePlugin_IAAName=\\\"yourcompany:\\ 4086\\\"",
					"JucePlugin_VSTNumMidiInputs=16",
					"JucePlugin_VSTNumMidiOutputs=16",
					"JUCE_STANDALONE_APPLICATION=JucePlugin_Build_Standalone",
					"JUCER_XCODE_MAC_F6D2F4CF=1",
					"JUCE_APP_VERSION=1.0.0",
					"JUCE_APP_VERSION_HEX=0x10000",
				);
				GCC_VERSION = com.apple.compilers.llvm.clang.1_0;
				GENERATE_PKGINFO_FILE = YES;
				HEADER_SEARCH_PATHS = (
					/Applications/JUCE/modules/juce_audio_processors/format_types/VST3_SDK,
					"$(SRCROOT)/../../JuceLibraryCode",
					"$(SRCROOT)/../../../GitHub/PluginGuiMagic/modules",
					/Applications/JUCE/modules,
					/Applications/JUCE/modules/juce_audio_plugin_client,
					"$(inherited)",
				);
				INFOPLIST_FILE = "Info-VST3.plist";
				INFOPLIST_PREPROCESS = NO;
				INSTALL_PATH = "$(HOME)/Library/Audio/Plug-Ins/VST3/";
				LIBRARY_STYLE = Bundle;
				MACOSX_DEPLOYMENT_TARGET = 10.11;
				MTL_HEADER_SEARCH_PATHS = "/Applications/JUCE/modules/juce_audio_processors/format_types/VST3_SDK $(SRCROOT)/../../JuceLibraryCode $(SRCROOT)/../../../GitHub/PluginGuiMagic/modules /Applications/JUCE/modules /Applications/JUCE/modules/juce_audio_plugin_client";
				OTHER_LDFLAGS = (
					"-bundle",
					"-l4086",
				);
				PRODUCT_BUNDLE_IDENTIFIER = com.yourcompany._4086;
				PRODUCT_NAME = 4086;
				USE_HEADERMAP = NO;
				VALID_ARCHS = "i386 x86_64 arm64 arm64e";
				WRAPPER_EXTENSION = vst3;
			};
			name = Debug;
		};
		C5A54DC92311006189BB22F4 /* Release */ = {
			isa = XCBuildConfiguration;
			buildSettings = {
				ALWAYS_SEARCH_USER_PATHS = NO;
				CLANG_ENABLE_OBJC_WEAK = YES;
				CLANG_WARN_BLOCK_CAPTURE_AUTORELEASING = YES;
				CLANG_WARN_BOOL_CONVERSION = YES;
				CLANG_WARN_COMMA = YES;
				CLANG_WARN_CONSTANT_CONVERSION = YES;
				CLANG_WARN_DEPRECATED_OBJC_IMPLEMENTATIONS = YES;
				CLANG_WARN_EMPTY_BODY = YES;
				CLANG_WARN_ENUM_CONVERSION = YES;
				CLANG_WARN_INFINITE_RECURSION = YES;
				CLANG_WARN_INT_CONVERSION = YES;
				CLANG_WARN_NON_LITERAL_NULL_CONVERSION = YES;
				CLANG_WARN_OBJC_IMPLICIT_RETAIN_SELF = YES;
				CLANG_WARN_OBJC_LITERAL_CONVERSION = YES;
				CLANG_WARN_RANGE_LOOP_ANALYSIS = YES;
				CLANG_WARN_STRICT_PROTOTYPES = YES;
				CLANG_WARN_SUSPICIOUS_MOVE = YES;
				CLANG_WARN_UNREACHABLE_CODE = YES;
				CLANG_WARN__DUPLICATE_METHOD_MATCH = YES;
				CODE_SIGN_IDENTITY = "";
				DEBUG_INFORMATION_FORMAT = dwarf;
				ENABLE_STRICT_OBJC_MSGSEND = YES;
				ENABLE_TESTABILITY = NO;
				GCC_C_LANGUAGE_STANDARD = c11;
				GCC_INLINES_ARE_PRIVATE_EXTERN = YES;
				GCC_MODEL_TUNING = G5;
				GCC_NO_COMMON_BLOCKS = YES;
				GCC_SYMBOLS_PRIVATE_EXTERN = YES;
				GCC_WARN_64_TO_32_BIT_CONVERSION = YES;
				GCC_WARN_ABOUT_RETURN_TYPE = YES;
				GCC_WARN_CHECK_SWITCH_STATEMENTS = YES;
				GCC_WARN_MISSING_PARENTHESES = YES;
				GCC_WARN_NON_VIRTUAL_DESTRUCTOR = YES;
				GCC_WARN_TYPECHECK_CALLS_TO_PRINTF = YES;
				GCC_WARN_UNDECLARED_SELECTOR = YES;
				GCC_WARN_UNINITIALIZED_AUTOS = YES;
				GCC_WARN_UNUSED_FUNCTION = YES;
				GCC_WARN_UNUSED_VARIABLE = YES;
				PRODUCT_NAME = 4086;
				SDKROOT = macosx;
				WARNING_CFLAGS = "-Wreorder";
				ZERO_LINK = NO;
			};
			name = Release;
		};
		CCDA4AA145CBCA8317550463 /* Debug */ = {
			isa = XCBuildConfiguration;
			buildSettings = {
				CLANG_CXX_LANGUAGE_STANDARD = "c++14";
				CLANG_CXX_LIBRARY = "libc++";
				CLANG_LINK_OBJC_RUNTIME = NO;
				CODE_SIGN_IDENTITY = "";
				COMBINE_HIDPI_IMAGES = YES;
				CONFIGURATION_BUILD_DIR = "$(PROJECT_DIR)/build/$(CONFIGURATION)";
				COPY_PHASE_STRIP = NO;
				EXCLUDED_ARCHS = "";
				GCC_DYNAMIC_NO_PIC = NO;
				GCC_OPTIMIZATION_LEVEL = 0;
				GCC_PREPROCESSOR_DEFINITIONS = (
					"_DEBUG=1",
					"DEBUG=1",
					"JUCE_DISPLAY_SPLASH_SCREEN=1",
					"JUCE_USE_DARK_SPLASH_SCREEN=1",
					"JUCE_PROJUCER_VERSION=0x60106",
					"JUCE_MODULE_AVAILABLE_foleys_gui_magic=1",
					"JUCE_MODULE_AVAILABLE_juce_audio_basics=1",
					"JUCE_MODULE_AVAILABLE_juce_audio_devices=1",
					"JUCE_MODULE_AVAILABLE_juce_audio_formats=1",
					"JUCE_MODULE_AVAILABLE_juce_audio_plugin_client=1",
					"JUCE_MODULE_AVAILABLE_juce_audio_processors=1",
					"JUCE_MODULE_AVAILABLE_juce_audio_utils=1",
					"JUCE_MODULE_AVAILABLE_juce_core=1",
					"JUCE_MODULE_AVAILABLE_juce_cryptography=1",
					"JUCE_MODULE_AVAILABLE_juce_data_structures=1",
					"JUCE_MODULE_AVAILABLE_juce_dsp=1",
					"JUCE_MODULE_AVAILABLE_juce_events=1",
					"JUCE_MODULE_AVAILABLE_juce_graphics=1",
					"JUCE_MODULE_AVAILABLE_juce_gui_basics=1",
					"JUCE_MODULE_AVAILABLE_juce_gui_extra=1",
					"JUCE_MODULE_AVAILABLE_juce_osc=1",
					"JUCE_GLOBAL_MODULE_SETTINGS_INCLUDED=1",
					"FOLEYS_ENABLE_BINARY_DATA=1",
					"JUCE_VST3_CAN_REPLACE_VST2=0",
					"JUCE_STRICT_REFCOUNTEDPOINTER=1",
					"JucePlugin_Build_VST=0",
					"JucePlugin_Build_VST3=1",
					"JucePlugin_Build_AU=1",
					"JucePlugin_Build_AUv3=0",
					"JucePlugin_Build_RTAS=0",
					"JucePlugin_Build_AAX=0",
					"JucePlugin_Build_Standalone=1",
					"JucePlugin_Build_Unity=0",
					"JucePlugin_Enable_IAA=0",
					"JucePlugin_Name=\\\"4086\\\"",
					"JucePlugin_Desc=\\\"4086\\\"",
					"JucePlugin_Manufacturer=\\\"yourcompany\\\"",
					"JucePlugin_ManufacturerWebsite=\\\"\\\"",
					"JucePlugin_ManufacturerEmail=\\\"\\\"",
					"JucePlugin_ManufacturerCode=0x4d616e75",
					"JucePlugin_PluginCode=0x4f6a356e",
					"JucePlugin_IsSynth=0",
					"JucePlugin_WantsMidiInput=0",
					"JucePlugin_ProducesMidiOutput=0",
					"JucePlugin_IsMidiEffect=0",
					"JucePlugin_EditorRequiresKeyboardFocus=0",
					"JucePlugin_Version=1.0.0",
					"JucePlugin_VersionCode=0x10000",
					"JucePlugin_VersionString=\\\"1.0.0\\\"",
					"JucePlugin_VSTUniqueID=JucePlugin_PluginCode",
					"JucePlugin_VSTCategory=kPlugCategEffect",
					"JucePlugin_Vst3Category=\\\"Fx\\\"",
					"JucePlugin_AUMainType=\\'aufx\\'",
					"JucePlugin_AUSubType=JucePlugin_PluginCode",
					"JucePlugin_AUExportPrefix=_4086AU",
					"JucePlugin_AUExportPrefixQuoted=\\\"_4086AU\\\"",
					"JucePlugin_AUManufacturerCode=JucePlugin_ManufacturerCode",
					"JucePlugin_CFBundleIdentifier=com.yourcompany._4086",
					"JucePlugin_RTASCategory=0",
					"JucePlugin_RTASManufacturerCode=JucePlugin_ManufacturerCode",
					"JucePlugin_RTASProductId=JucePlugin_PluginCode",
					"JucePlugin_RTASDisableBypass=0",
					"JucePlugin_RTASDisableMultiMono=0",
					"JucePlugin_AAXIdentifier=com.yourcompany._4086",
					"JucePlugin_AAXManufacturerCode=JucePlugin_ManufacturerCode",
					"JucePlugin_AAXProductId=JucePlugin_PluginCode",
					"JucePlugin_AAXCategory=0",
					"JucePlugin_AAXDisableBypass=0",
					"JucePlugin_AAXDisableMultiMono=0",
					"JucePlugin_IAAType=0x61757278",
					"JucePlugin_IAASubType=JucePlugin_PluginCode",
					"JucePlugin_IAAName=\\\"yourcompany:\\ 4086\\\"",
					"JucePlugin_VSTNumMidiInputs=16",
					"JucePlugin_VSTNumMidiOutputs=16",
					"JUCE_STANDALONE_APPLICATION=JucePlugin_Build_Standalone",
					"JUCER_XCODE_MAC_F6D2F4CF=1",
					"JUCE_APP_VERSION=1.0.0",
					"JUCE_APP_VERSION_HEX=0x10000",
					"JUCE_SHARED_CODE=1",
				);
				GCC_VERSION = com.apple.compilers.llvm.clang.1_0;
				HEADER_SEARCH_PATHS = (
					/Applications/JUCE/modules/juce_audio_processors/format_types/VST3_SDK,
					"$(SRCROOT)/../../JuceLibraryCode",
					"$(SRCROOT)/../../../GitHub/PluginGuiMagic/modules",
					/Applications/JUCE/modules,
					/Applications/JUCE/modules/juce_audio_plugin_client,
					"$(inherited)",
				);
				INSTALL_PATH = "@executable_path/../Frameworks";
				MACOSX_DEPLOYMENT_TARGET = 10.11;
				MTL_HEADER_SEARCH_PATHS = "/Applications/JUCE/modules/juce_audio_processors/format_types/VST3_SDK $(SRCROOT)/../../JuceLibraryCode $(SRCROOT)/../../../GitHub/PluginGuiMagic/modules /Applications/JUCE/modules /Applications/JUCE/modules/juce_audio_plugin_client";
				PRODUCT_BUNDLE_IDENTIFIER = com.yourcompany._4086;
				PRODUCT_NAME = 4086;
				SKIP_INSTALL = YES;
				USE_HEADERMAP = NO;
				VALID_ARCHS = "i386 x86_64 arm64 arm64e";
			};
			name = Debug;
		};
		D857DBB2BFA7B86B44E5B7DF /* Release */ = {
			isa = XCBuildConfiguration;
			buildSettings = {
				CLANG_CXX_LANGUAGE_STANDARD = "c++14";
				CLANG_CXX_LIBRARY = "libc++";
				CLANG_LINK_OBJC_RUNTIME = NO;
				CODE_SIGN_IDENTITY = "";
				COMBINE_HIDPI_IMAGES = YES;
				CONFIGURATION_BUILD_DIR = "$(PROJECT_DIR)/build/$(CONFIGURATION)";
				DEAD_CODE_STRIPPING = YES;
				DEPLOYMENT_LOCATION = YES;
				DSTROOT = /;
				EXCLUDED_ARCHS = "";
				GCC_GENERATE_DEBUGGING_SYMBOLS = NO;
				GCC_OPTIMIZATION_LEVEL = 3;
				GCC_PREPROCESSOR_DEFINITIONS = (
					"_NDEBUG=1",
					"NDEBUG=1",
					"JUCE_DISPLAY_SPLASH_SCREEN=1",
					"JUCE_USE_DARK_SPLASH_SCREEN=1",
					"JUCE_PROJUCER_VERSION=0x60106",
					"JUCE_MODULE_AVAILABLE_foleys_gui_magic=1",
					"JUCE_MODULE_AVAILABLE_juce_audio_basics=1",
					"JUCE_MODULE_AVAILABLE_juce_audio_devices=1",
					"JUCE_MODULE_AVAILABLE_juce_audio_formats=1",
					"JUCE_MODULE_AVAILABLE_juce_audio_plugin_client=1",
					"JUCE_MODULE_AVAILABLE_juce_audio_processors=1",
					"JUCE_MODULE_AVAILABLE_juce_audio_utils=1",
					"JUCE_MODULE_AVAILABLE_juce_core=1",
					"JUCE_MODULE_AVAILABLE_juce_cryptography=1",
					"JUCE_MODULE_AVAILABLE_juce_data_structures=1",
					"JUCE_MODULE_AVAILABLE_juce_dsp=1",
					"JUCE_MODULE_AVAILABLE_juce_events=1",
					"JUCE_MODULE_AVAILABLE_juce_graphics=1",
					"JUCE_MODULE_AVAILABLE_juce_gui_basics=1",
					"JUCE_MODULE_AVAILABLE_juce_gui_extra=1",
					"JUCE_MODULE_AVAILABLE_juce_osc=1",
					"JUCE_GLOBAL_MODULE_SETTINGS_INCLUDED=1",
					"FOLEYS_ENABLE_BINARY_DATA=1",
					"JUCE_VST3_CAN_REPLACE_VST2=0",
					"JUCE_STRICT_REFCOUNTEDPOINTER=1",
					"JucePlugin_Build_VST=0",
					"JucePlugin_Build_VST3=1",
					"JucePlugin_Build_AU=0",
					"JucePlugin_Build_AUv3=0",
					"JucePlugin_Build_RTAS=0",
					"JucePlugin_Build_AAX=0",
					"JucePlugin_Build_Standalone=0",
					"JucePlugin_Build_Unity=0",
					"JucePlugin_Enable_IAA=0",
					"JucePlugin_Name=\\\"4086\\\"",
					"JucePlugin_Desc=\\\"4086\\\"",
					"JucePlugin_Manufacturer=\\\"yourcompany\\\"",
					"JucePlugin_ManufacturerWebsite=\\\"\\\"",
					"JucePlugin_ManufacturerEmail=\\\"\\\"",
					"JucePlugin_ManufacturerCode=0x4d616e75",
					"JucePlugin_PluginCode=0x4f6a356e",
					"JucePlugin_IsSynth=0",
					"JucePlugin_WantsMidiInput=0",
					"JucePlugin_ProducesMidiOutput=0",
					"JucePlugin_IsMidiEffect=0",
					"JucePlugin_EditorRequiresKeyboardFocus=0",
					"JucePlugin_Version=1.0.0",
					"JucePlugin_VersionCode=0x10000",
					"JucePlugin_VersionString=\\\"1.0.0\\\"",
					"JucePlugin_VSTUniqueID=JucePlugin_PluginCode",
					"JucePlugin_VSTCategory=kPlugCategEffect",
					"JucePlugin_Vst3Category=\\\"Fx\\\"",
					"JucePlugin_AUMainType=\\'aufx\\'",
					"JucePlugin_AUSubType=JucePlugin_PluginCode",
					"JucePlugin_AUExportPrefix=_4086AU",
					"JucePlugin_AUExportPrefixQuoted=\\\"_4086AU\\\"",
					"JucePlugin_AUManufacturerCode=JucePlugin_ManufacturerCode",
					"JucePlugin_CFBundleIdentifier=com.yourcompany._4086",
					"JucePlugin_RTASCategory=0",
					"JucePlugin_RTASManufacturerCode=JucePlugin_ManufacturerCode",
					"JucePlugin_RTASProductId=JucePlugin_PluginCode",
					"JucePlugin_RTASDisableBypass=0",
					"JucePlugin_RTASDisableMultiMono=0",
					"JucePlugin_AAXIdentifier=com.yourcompany._4086",
					"JucePlugin_AAXManufacturerCode=JucePlugin_ManufacturerCode",
					"JucePlugin_AAXProductId=JucePlugin_PluginCode",
					"JucePlugin_AAXCategory=0",
					"JucePlugin_AAXDisableBypass=0",
					"JucePlugin_AAXDisableMultiMono=0",
					"JucePlugin_IAAType=0x61757278",
					"JucePlugin_IAASubType=JucePlugin_PluginCode",
					"JucePlugin_IAAName=\\\"yourcompany:\\ 4086\\\"",
					"JucePlugin_VSTNumMidiInputs=16",
					"JucePlugin_VSTNumMidiOutputs=16",
					"JUCE_STANDALONE_APPLICATION=JucePlugin_Build_Standalone",
					"JUCER_XCODE_MAC_F6D2F4CF=1",
					"JUCE_APP_VERSION=1.0.0",
					"JUCE_APP_VERSION_HEX=0x10000",
				);
				GCC_VERSION = com.apple.compilers.llvm.clang.1_0;
				GENERATE_PKGINFO_FILE = YES;
				HEADER_SEARCH_PATHS = (
					/Applications/JUCE/modules/juce_audio_processors/format_types/VST3_SDK,
					"$(SRCROOT)/../../JuceLibraryCode",
					"$(SRCROOT)/../../../GitHub/PluginGuiMagic/modules",
					/Applications/JUCE/modules,
					/Applications/JUCE/modules/juce_audio_plugin_client,
					"$(inherited)",
				);
				INFOPLIST_FILE = "Info-VST3.plist";
				INFOPLIST_PREPROCESS = NO;
				INSTALL_PATH = "$(HOME)/Library/Audio/Plug-Ins/VST3/";
				LIBRARY_STYLE = Bundle;
				LLVM_LTO = YES;
				MACOSX_DEPLOYMENT_TARGET = 10.11;
				MTL_HEADER_SEARCH_PATHS = "/Applications/JUCE/modules/juce_audio_processors/format_types/VST3_SDK $(SRCROOT)/../../JuceLibraryCode $(SRCROOT)/../../../GitHub/PluginGuiMagic/modules /Applications/JUCE/modules /Applications/JUCE/modules/juce_audio_plugin_client";
				OTHER_LDFLAGS = (
					"-bundle",
					"-l4086",
				);
				PRODUCT_BUNDLE_IDENTIFIER = com.yourcompany._4086;
				PRODUCT_NAME = 4086;
				USE_HEADERMAP = NO;
				VALID_ARCHS = "i386 x86_64 arm64 arm64e";
				WRAPPER_EXTENSION = vst3;
			};
			name = Release;
		};
		E30584401CBC6D3A073CDD88 /* Release */ = {
			isa = XCBuildConfiguration;
			buildSettings = {
				CLANG_CXX_LANGUAGE_STANDARD = "c++14";
				CLANG_CXX_LIBRARY = "libc++";
				CLANG_LINK_OBJC_RUNTIME = NO;
				CODE_SIGN_IDENTITY = "";
				COMBINE_HIDPI_IMAGES = YES;
				CONFIGURATION_BUILD_DIR = "$(PROJECT_DIR)/build/$(CONFIGURATION)";
				DEAD_CODE_STRIPPING = YES;
				EXCLUDED_ARCHS = "";
				GCC_GENERATE_DEBUGGING_SYMBOLS = NO;
				GCC_OPTIMIZATION_LEVEL = 3;
				GCC_PREPROCESSOR_DEFINITIONS = (
					"_NDEBUG=1",
					"NDEBUG=1",
					"JUCE_DISPLAY_SPLASH_SCREEN=1",
					"JUCE_USE_DARK_SPLASH_SCREEN=1",
					"JUCE_PROJUCER_VERSION=0x60106",
					"JUCE_MODULE_AVAILABLE_foleys_gui_magic=1",
					"JUCE_MODULE_AVAILABLE_juce_audio_basics=1",
					"JUCE_MODULE_AVAILABLE_juce_audio_devices=1",
					"JUCE_MODULE_AVAILABLE_juce_audio_formats=1",
					"JUCE_MODULE_AVAILABLE_juce_audio_plugin_client=1",
					"JUCE_MODULE_AVAILABLE_juce_audio_processors=1",
					"JUCE_MODULE_AVAILABLE_juce_audio_utils=1",
					"JUCE_MODULE_AVAILABLE_juce_core=1",
					"JUCE_MODULE_AVAILABLE_juce_cryptography=1",
					"JUCE_MODULE_AVAILABLE_juce_data_structures=1",
					"JUCE_MODULE_AVAILABLE_juce_dsp=1",
					"JUCE_MODULE_AVAILABLE_juce_events=1",
					"JUCE_MODULE_AVAILABLE_juce_graphics=1",
					"JUCE_MODULE_AVAILABLE_juce_gui_basics=1",
					"JUCE_MODULE_AVAILABLE_juce_gui_extra=1",
					"JUCE_MODULE_AVAILABLE_juce_osc=1",
					"JUCE_GLOBAL_MODULE_SETTINGS_INCLUDED=1",
					"FOLEYS_ENABLE_BINARY_DATA=1",
					"JUCE_VST3_CAN_REPLACE_VST2=0",
					"JUCE_STRICT_REFCOUNTEDPOINTER=1",
					"JucePlugin_Build_VST=0",
					"JucePlugin_Build_VST3=0",
					"JucePlugin_Build_AU=0",
					"JucePlugin_Build_AUv3=0",
					"JucePlugin_Build_RTAS=0",
					"JucePlugin_Build_AAX=0",
					"JucePlugin_Build_Standalone=1",
					"JucePlugin_Build_Unity=0",
					"JucePlugin_Enable_IAA=0",
					"JucePlugin_Name=\\\"4086\\\"",
					"JucePlugin_Desc=\\\"4086\\\"",
					"JucePlugin_Manufacturer=\\\"yourcompany\\\"",
					"JucePlugin_ManufacturerWebsite=\\\"\\\"",
					"JucePlugin_ManufacturerEmail=\\\"\\\"",
					"JucePlugin_ManufacturerCode=0x4d616e75",
					"JucePlugin_PluginCode=0x4f6a356e",
					"JucePlugin_IsSynth=0",
					"JucePlugin_WantsMidiInput=0",
					"JucePlugin_ProducesMidiOutput=0",
					"JucePlugin_IsMidiEffect=0",
					"JucePlugin_EditorRequiresKeyboardFocus=0",
					"JucePlugin_Version=1.0.0",
					"JucePlugin_VersionCode=0x10000",
					"JucePlugin_VersionString=\\\"1.0.0\\\"",
					"JucePlugin_VSTUniqueID=JucePlugin_PluginCode",
					"JucePlugin_VSTCategory=kPlugCategEffect",
					"JucePlugin_Vst3Category=\\\"Fx\\\"",
					"JucePlugin_AUMainType=\\'aufx\\'",
					"JucePlugin_AUSubType=JucePlugin_PluginCode",
					"JucePlugin_AUExportPrefix=_4086AU",
					"JucePlugin_AUExportPrefixQuoted=\\\"_4086AU\\\"",
					"JucePlugin_AUManufacturerCode=JucePlugin_ManufacturerCode",
					"JucePlugin_CFBundleIdentifier=com.yourcompany._4086",
					"JucePlugin_RTASCategory=0",
					"JucePlugin_RTASManufacturerCode=JucePlugin_ManufacturerCode",
					"JucePlugin_RTASProductId=JucePlugin_PluginCode",
					"JucePlugin_RTASDisableBypass=0",
					"JucePlugin_RTASDisableMultiMono=0",
					"JucePlugin_AAXIdentifier=com.yourcompany._4086",
					"JucePlugin_AAXManufacturerCode=JucePlugin_ManufacturerCode",
					"JucePlugin_AAXProductId=JucePlugin_PluginCode",
					"JucePlugin_AAXCategory=0",
					"JucePlugin_AAXDisableBypass=0",
					"JucePlugin_AAXDisableMultiMono=0",
					"JucePlugin_IAAType=0x61757278",
					"JucePlugin_IAASubType=JucePlugin_PluginCode",
					"JucePlugin_IAAName=\\\"yourcompany:\\ 4086\\\"",
					"JucePlugin_VSTNumMidiInputs=16",
					"JucePlugin_VSTNumMidiOutputs=16",
					"JUCE_STANDALONE_APPLICATION=JucePlugin_Build_Standalone",
					"JUCER_XCODE_MAC_F6D2F4CF=1",
					"JUCE_APP_VERSION=1.0.0",
					"JUCE_APP_VERSION_HEX=0x10000",
				);
				GCC_VERSION = com.apple.compilers.llvm.clang.1_0;
				HEADER_SEARCH_PATHS = (
					/Applications/JUCE/modules/juce_audio_processors/format_types/VST3_SDK,
					"$(SRCROOT)/../../JuceLibraryCode",
					"$(SRCROOT)/../../../GitHub/PluginGuiMagic/modules",
					/Applications/JUCE/modules,
					/Applications/JUCE/modules/juce_audio_plugin_client,
					"$(inherited)",
				);
				INFOPLIST_FILE = "Info-Standalone_Plugin.plist";
				INFOPLIST_PREPROCESS = NO;
				LLVM_LTO = YES;
				MACOSX_DEPLOYMENT_TARGET = 10.11;
				MTL_HEADER_SEARCH_PATHS = "/Applications/JUCE/modules/juce_audio_processors/format_types/VST3_SDK $(SRCROOT)/../../JuceLibraryCode $(SRCROOT)/../../../GitHub/PluginGuiMagic/modules /Applications/JUCE/modules /Applications/JUCE/modules/juce_audio_plugin_client";
				OTHER_LDFLAGS = "-l4086";
				PRODUCT_BUNDLE_IDENTIFIER = com.yourcompany._4086;
				PRODUCT_NAME = 4086;
				USE_HEADERMAP = NO;
				VALID_ARCHS = "i386 x86_64 arm64 arm64e";
			};
			name = Release;
		};
		E4DE47FB8C7C092272F61C04 /* Release */ = {
			isa = XCBuildConfiguration;
			buildSettings = {
				CLANG_CXX_LANGUAGE_STANDARD = "c++14";
				CLANG_CXX_LIBRARY = "libc++";
				CLANG_LINK_OBJC_RUNTIME = NO;
				CODE_SIGN_IDENTITY = "";
				COMBINE_HIDPI_IMAGES = YES;
				CONFIGURATION_BUILD_DIR = "$(PROJECT_DIR)/build/$(CONFIGURATION)";
				DEAD_CODE_STRIPPING = YES;
				EXCLUDED_ARCHS = "";
				GCC_GENERATE_DEBUGGING_SYMBOLS = NO;
				GCC_OPTIMIZATION_LEVEL = 3;
				GCC_PREPROCESSOR_DEFINITIONS = (
					"_NDEBUG=1",
					"NDEBUG=1",
					"JUCE_DISPLAY_SPLASH_SCREEN=1",
					"JUCE_USE_DARK_SPLASH_SCREEN=1",
					"JUCE_PROJUCER_VERSION=0x60106",
					"JUCE_MODULE_AVAILABLE_foleys_gui_magic=1",
					"JUCE_MODULE_AVAILABLE_juce_audio_basics=1",
					"JUCE_MODULE_AVAILABLE_juce_audio_devices=1",
					"JUCE_MODULE_AVAILABLE_juce_audio_formats=1",
					"JUCE_MODULE_AVAILABLE_juce_audio_plugin_client=1",
					"JUCE_MODULE_AVAILABLE_juce_audio_processors=1",
					"JUCE_MODULE_AVAILABLE_juce_audio_utils=1",
					"JUCE_MODULE_AVAILABLE_juce_core=1",
					"JUCE_MODULE_AVAILABLE_juce_cryptography=1",
					"JUCE_MODULE_AVAILABLE_juce_data_structures=1",
					"JUCE_MODULE_AVAILABLE_juce_dsp=1",
					"JUCE_MODULE_AVAILABLE_juce_events=1",
					"JUCE_MODULE_AVAILABLE_juce_graphics=1",
					"JUCE_MODULE_AVAILABLE_juce_gui_basics=1",
					"JUCE_MODULE_AVAILABLE_juce_gui_extra=1",
					"JUCE_MODULE_AVAILABLE_juce_osc=1",
					"JUCE_GLOBAL_MODULE_SETTINGS_INCLUDED=1",
					"FOLEYS_ENABLE_BINARY_DATA=1",
					"JUCE_VST3_CAN_REPLACE_VST2=0",
					"JUCE_STRICT_REFCOUNTEDPOINTER=1",
					"JucePlugin_Build_VST=0",
					"JucePlugin_Build_VST3=1",
					"JucePlugin_Build_AU=1",
					"JucePlugin_Build_AUv3=0",
					"JucePlugin_Build_RTAS=0",
					"JucePlugin_Build_AAX=0",
					"JucePlugin_Build_Standalone=1",
					"JucePlugin_Build_Unity=0",
					"JucePlugin_Enable_IAA=0",
					"JucePlugin_Name=\\\"4086\\\"",
					"JucePlugin_Desc=\\\"4086\\\"",
					"JucePlugin_Manufacturer=\\\"yourcompany\\\"",
					"JucePlugin_ManufacturerWebsite=\\\"\\\"",
					"JucePlugin_ManufacturerEmail=\\\"\\\"",
					"JucePlugin_ManufacturerCode=0x4d616e75",
					"JucePlugin_PluginCode=0x4f6a356e",
					"JucePlugin_IsSynth=0",
					"JucePlugin_WantsMidiInput=0",
					"JucePlugin_ProducesMidiOutput=0",
					"JucePlugin_IsMidiEffect=0",
					"JucePlugin_EditorRequiresKeyboardFocus=0",
					"JucePlugin_Version=1.0.0",
					"JucePlugin_VersionCode=0x10000",
					"JucePlugin_VersionString=\\\"1.0.0\\\"",
					"JucePlugin_VSTUniqueID=JucePlugin_PluginCode",
					"JucePlugin_VSTCategory=kPlugCategEffect",
					"JucePlugin_Vst3Category=\\\"Fx\\\"",
					"JucePlugin_AUMainType=\\'aufx\\'",
					"JucePlugin_AUSubType=JucePlugin_PluginCode",
					"JucePlugin_AUExportPrefix=_4086AU",
					"JucePlugin_AUExportPrefixQuoted=\\\"_4086AU\\\"",
					"JucePlugin_AUManufacturerCode=JucePlugin_ManufacturerCode",
					"JucePlugin_CFBundleIdentifier=com.yourcompany._4086",
					"JucePlugin_RTASCategory=0",
					"JucePlugin_RTASManufacturerCode=JucePlugin_ManufacturerCode",
					"JucePlugin_RTASProductId=JucePlugin_PluginCode",
					"JucePlugin_RTASDisableBypass=0",
					"JucePlugin_RTASDisableMultiMono=0",
					"JucePlugin_AAXIdentifier=com.yourcompany._4086",
					"JucePlugin_AAXManufacturerCode=JucePlugin_ManufacturerCode",
					"JucePlugin_AAXProductId=JucePlugin_PluginCode",
					"JucePlugin_AAXCategory=0",
					"JucePlugin_AAXDisableBypass=0",
					"JucePlugin_AAXDisableMultiMono=0",
					"JucePlugin_IAAType=0x61757278",
					"JucePlugin_IAASubType=JucePlugin_PluginCode",
					"JucePlugin_IAAName=\\\"yourcompany:\\ 4086\\\"",
					"JucePlugin_VSTNumMidiInputs=16",
					"JucePlugin_VSTNumMidiOutputs=16",
					"JUCE_STANDALONE_APPLICATION=JucePlugin_Build_Standalone",
					"JUCER_XCODE_MAC_F6D2F4CF=1",
					"JUCE_APP_VERSION=1.0.0",
					"JUCE_APP_VERSION_HEX=0x10000",
					"JUCE_SHARED_CODE=1",
				);
				GCC_VERSION = com.apple.compilers.llvm.clang.1_0;
				HEADER_SEARCH_PATHS = (
					/Applications/JUCE/modules/juce_audio_processors/format_types/VST3_SDK,
					"$(SRCROOT)/../../JuceLibraryCode",
					"$(SRCROOT)/../../../GitHub/PluginGuiMagic/modules",
					/Applications/JUCE/modules,
					/Applications/JUCE/modules/juce_audio_plugin_client,
					"$(inherited)",
				);
				INSTALL_PATH = "@executable_path/../Frameworks";
				LLVM_LTO = YES;
				MACOSX_DEPLOYMENT_TARGET = 10.11;
				MTL_HEADER_SEARCH_PATHS = "/Applications/JUCE/modules/juce_audio_processors/format_types/VST3_SDK $(SRCROOT)/../../JuceLibraryCode $(SRCROOT)/../../../GitHub/PluginGuiMagic/modules /Applications/JUCE/modules /Applications/JUCE/modules/juce_audio_plugin_client";
				PRODUCT_BUNDLE_IDENTIFIER = com.yourcompany._4086;
				PRODUCT_NAME = 4086;
				SKIP_INSTALL = YES;
				USE_HEADERMAP = NO;
				VALID_ARCHS = "i386 x86_64 arm64 arm64e";
			};
			name = Release;
		};
		F1FA578A1541358BD0B2B050 /* Debug */ = {
			isa = XCBuildConfiguration;
			buildSettings = {
				MACOSX_DEPLOYMENT_TARGET = 10.11;
				SDKROOT = macosx;
			};
			name = Debug;
		};
/* End XCBuildConfiguration section */

/* Begin XCConfigurationList section */
		3377FDB8C169DE9EDADD6AC3 /* Build configuration list for PBXAggregateTarget "4086 - All" */ = {
			isa = XCConfigurationList;
			buildConfigurations = (
				F1FA578A1541358BD0B2B050 /* Debug */,
				190722DC0964EF5B9E799D1C /* Release */,
			);
			defaultConfigurationIsVisible = 0;
			defaultConfigurationName = Debug;
		};
		3FD983B4BBA82DE0E9EC5987 /* Build configuration list for PBXNativeTarget "4086 - VST3" */ = {
			isa = XCConfigurationList;
			buildConfigurations = (
				762A0EA41AC2F89C703CFE22 /* Debug */,
				D857DBB2BFA7B86B44E5B7DF /* Release */,
			);
			defaultConfigurationIsVisible = 0;
			defaultConfigurationName = Debug;
		};
		4581B73DA8EE0E1EB892DE64 /* Build configuration list for PBXNativeTarget "4086 - AU" */ = {
			isa = XCConfigurationList;
			buildConfigurations = (
				49D7702B0CB60721F87D4491 /* Debug */,
				0F81099A9BC68DE61B667C63 /* Release */,
			);
			defaultConfigurationIsVisible = 0;
			defaultConfigurationName = Debug;
		};
		6AAB0799F58D5C2F713D5B4C /* Build configuration list for PBXNativeTarget "4086 - Standalone Plugin" */ = {
			isa = XCConfigurationList;
			buildConfigurations = (
				6EA882A7196671F7D148D572 /* Debug */,
				E30584401CBC6D3A073CDD88 /* Release */,
			);
			defaultConfigurationIsVisible = 0;
			defaultConfigurationName = Debug;
		};
		7ABB727088A99FE3FD850755 /* Build configuration list for PBXProject "4086" */ = {
			isa = XCConfigurationList;
			buildConfigurations = (
				73CFFEF34DD8B50B20E91FFD /* Debug */,
				C5A54DC92311006189BB22F4 /* Release */,
			);
			defaultConfigurationIsVisible = 0;
			defaultConfigurationName = Debug;
		};
		86ED8A8274982B779FDC509A /* Build configuration list for PBXNativeTarget "4086 - Shared Code" */ = {
			isa = XCConfigurationList;
			buildConfigurations = (
				CCDA4AA145CBCA8317550463 /* Debug */,
				E4DE47FB8C7C092272F61C04 /* Release */,
			);
			defaultConfigurationIsVisible = 0;
			defaultConfigurationName = Debug;
		};
/* End XCConfigurationList section */
	};
	rootObject = 9AE5DBF3F2A7395800AB4D15 /* Project object */;
}
